{
  "version": 4,
  "terraform_version": "1.9.1",
  "serial": 142,
  "lineage": "f771bb0f-7da8-a6fb-16b0-05c69365ab79",
  "outputs": {},
  "resources": [
    {
      "mode": "data",
      "type": "archive_file",
      "name": "lambda_zip",
      "provider": "provider[\"registry.terraform.io/hashicorp/archive\"]",
      "instances": [
        {
          "schema_version": 0,
          "attributes": {
            "exclude_symlink_directories": null,
            "excludes": null,
            "id": "51e2cb1d23f5347d3f4c55449d087940218fbbe0",
            "output_base64sha256": "6+Zdzy6IxAzcFVue7NkJR09+ZcqmMSfKPH7F4WsrtMU=",
            "output_base64sha512": "lxsZATe1Q6nwQJzv8CyfvWKVh0eISy3hsOFZqPjo6sW5vWBX+xFYfLoLCHe9A67Kf4bfQLe9E0lwdh4AXyAapA==",
            "output_file_mode": null,
            "output_md5": "5be02375ee167b9fcc8b20b91a99d600",
            "output_path": "lambda.zip",
            "output_sha": "51e2cb1d23f5347d3f4c55449d087940218fbbe0",
            "output_sha256": "ebe65dcf2e88c40cdc155b9eecd909474f7e65caa63127ca3c7ec5e16b2bb4c5",
            "output_sha512": "971b190137b543a9f0409ceff02c9fbd62958747884b2de1b0e159a8f8e8eac5b9bd6057fb11587cba0b0877bd03aeca7f86df40b7bd134970761e005f201aa4",
            "output_size": 29824,
            "source": [],
            "source_content": null,
            "source_content_filename": null,
            "source_dir": "../src",
            "source_file": null,
            "type": "zip"
          },
          "sensitive_attributes": []
        }
      ]
    },
    {
      "module": "module.production_lambda.module.input_queue.module.dlq_alarm_topic",
      "mode": "data",
      "type": "aws_caller_identity",
      "name": "current",
      "provider": "provider[\"registry.terraform.io/hashicorp/aws\"]",
      "instances": [
        {
          "schema_version": 0,
          "attributes": {
            "account_id": "404315009621",
            "arn": "arn:aws:sts::404315009621:assumed-role/digitisation-developer/aws-go-sdk-1721134354589563000",
            "id": "404315009621",
            "user_id": "AROAV4IYNOJKTCHJELIGZ:aws-go-sdk-1721134354589563000"
          },
          "sensitive_attributes": []
        }
      ]
    },
    {
      "module": "module.production_lambda.module.input_queue.module.dlq_alarm_topic",
      "mode": "data",
      "type": "aws_iam_policy_document",
      "name": "cross_account_sns_topic_policy",
      "provider": "provider[\"registry.terraform.io/hashicorp/aws\"]",
      "instances": [
        {
          "schema_version": 0,
          "attributes": {
            "id": "4065007835",
            "json": "{\n  \"Version\": \"2012-10-17\",\n  \"Id\": \"__default_policy_ID\",\n  \"Statement\": [\n    {\n      \"Sid\": \"__default_statement_ID\",\n      \"Effect\": \"Allow\",\n      \"Action\": [\n        \"SNS:Subscribe\",\n        \"SNS:SetTopicAttributes\",\n        \"SNS:RemovePermission\",\n        \"SNS:Receive\",\n        \"SNS:Publish\",\n        \"SNS:ListSubscriptionsByTopic\",\n        \"SNS:GetTopicAttributes\",\n        \"SNS:DeleteTopic\",\n        \"SNS:AddPermission\"\n      ],\n      \"Resource\": \"arn:aws:sns:eu-west-1:404315009621:transfer-shoots-alarm-production\",\n      \"Principal\": {\n        \"AWS\": \"*\"\n      },\n      \"Condition\": {\n        \"StringEquals\": {\n          \"AWS:SourceOwner\": \"404315009621\"\n        }\n      }\n    },\n    {\n      \"Sid\": \"ReportingAccess\",\n      \"Effect\": \"Allow\",\n      \"Action\": [\n        \"SNS:Subscribe\",\n        \"SNS:SetTopicAttributes\",\n        \"SNS:Receive\",\n        \"SNS:ListSubscriptionsByTopic\",\n        \"SNS:GetTopicAttributes\"\n      ],\n      \"Resource\": \"arn:aws:sns:eu-west-1:404315009621:transfer-shoots-alarm-production\",\n      \"Principal\": {\n        \"AWS\": []\n      }\n    }\n  ]\n}",
            "minified_json": "{\"Version\":\"2012-10-17\",\"Id\":\"__default_policy_ID\",\"Statement\":[{\"Sid\":\"__default_statement_ID\",\"Effect\":\"Allow\",\"Action\":[\"SNS:Subscribe\",\"SNS:SetTopicAttributes\",\"SNS:RemovePermission\",\"SNS:Receive\",\"SNS:Publish\",\"SNS:ListSubscriptionsByTopic\",\"SNS:GetTopicAttributes\",\"SNS:DeleteTopic\",\"SNS:AddPermission\"],\"Resource\":\"arn:aws:sns:eu-west-1:404315009621:transfer-shoots-alarm-production\",\"Principal\":{\"AWS\":\"*\"},\"Condition\":{\"StringEquals\":{\"AWS:SourceOwner\":\"404315009621\"}}},{\"Sid\":\"ReportingAccess\",\"Effect\":\"Allow\",\"Action\":[\"SNS:Subscribe\",\"SNS:SetTopicAttributes\",\"SNS:Receive\",\"SNS:ListSubscriptionsByTopic\",\"SNS:GetTopicAttributes\"],\"Resource\":\"arn:aws:sns:eu-west-1:404315009621:transfer-shoots-alarm-production\",\"Principal\":{\"AWS\":[]}}]}",
            "override_json": null,
            "override_policy_documents": null,
            "policy_id": "__default_policy_ID",
            "source_json": null,
            "source_policy_documents": null,
            "statement": [
              {
                "actions": [
                  "SNS:AddPermission",
                  "SNS:DeleteTopic",
                  "SNS:GetTopicAttributes",
                  "SNS:ListSubscriptionsByTopic",
                  "SNS:Publish",
                  "SNS:Receive",
                  "SNS:RemovePermission",
                  "SNS:SetTopicAttributes",
                  "SNS:Subscribe"
                ],
                "condition": [
                  {
                    "test": "StringEquals",
                    "values": [
                      "404315009621"
                    ],
                    "variable": "AWS:SourceOwner"
                  }
                ],
                "effect": "Allow",
                "not_actions": [],
                "not_principals": [],
                "not_resources": [],
                "principals": [
                  {
                    "identifiers": [
                      "*"
                    ],
                    "type": "AWS"
                  }
                ],
                "resources": [
                  "arn:aws:sns:eu-west-1:404315009621:transfer-shoots-alarm-production"
                ],
                "sid": "__default_statement_ID"
              },
              {
                "actions": [
                  "SNS:GetTopicAttributes",
                  "SNS:ListSubscriptionsByTopic",
                  "SNS:Receive",
                  "SNS:SetTopicAttributes",
                  "SNS:Subscribe"
                ],
                "condition": [],
                "effect": "Allow",
                "not_actions": [],
                "not_principals": [],
                "not_resources": [],
                "principals": [
                  {
                    "identifiers": [],
                    "type": "AWS"
                  }
                ],
                "resources": [
                  "arn:aws:sns:eu-west-1:404315009621:transfer-shoots-alarm-production"
                ],
                "sid": "ReportingAccess"
              }
            ],
            "version": "2012-10-17"
          },
          "sensitive_attributes": []
        }
      ]
    },
    {
      "module": "module.production_lambda.module.input_queue.module.dlq_alarm_topic",
      "mode": "data",
      "type": "aws_iam_policy_document",
      "name": "publish_to_topic",
      "provider": "provider[\"registry.terraform.io/hashicorp/aws\"]",
      "instances": [
        {
          "schema_version": 0,
          "attributes": {
            "id": "2217557951",
            "json": "{\n  \"Version\": \"2012-10-17\",\n  \"Statement\": [\n    {\n      \"Effect\": \"Allow\",\n      \"Action\": \"sns:Publish\",\n      \"Resource\": \"arn:aws:sns:eu-west-1:404315009621:transfer-shoots-alarm-production\"\n    }\n  ]\n}",
            "minified_json": "{\"Version\":\"2012-10-17\",\"Statement\":[{\"Effect\":\"Allow\",\"Action\":\"sns:Publish\",\"Resource\":\"arn:aws:sns:eu-west-1:404315009621:transfer-shoots-alarm-production\"}]}",
            "override_json": null,
            "override_policy_documents": null,
            "policy_id": null,
            "source_json": null,
            "source_policy_documents": null,
            "statement": [
              {
                "actions": [
                  "sns:Publish"
                ],
                "condition": [],
                "effect": "Allow",
                "not_actions": [],
                "not_principals": [],
                "not_resources": [],
                "principals": [],
                "resources": [
                  "arn:aws:sns:eu-west-1:404315009621:transfer-shoots-alarm-production"
                ],
                "sid": ""
              }
            ],
            "version": "2012-10-17"
          },
          "sensitive_attributes": []
        }
      ]
    },
    {
      "module": "module.production_lambda.module.input_queue.module.dlq_alarm_topic",
      "mode": "managed",
      "type": "aws_sns_topic",
      "name": "topic",
      "provider": "provider[\"registry.terraform.io/hashicorp/aws\"]",
      "instances": [
        {
          "schema_version": 0,
          "attributes": {
            "application_failure_feedback_role_arn": "",
            "application_success_feedback_role_arn": "",
            "application_success_feedback_sample_rate": 0,
            "archive_policy": "",
            "arn": "arn:aws:sns:eu-west-1:404315009621:transfer-shoots-alarm-production",
            "beginning_archive_time": "",
            "content_based_deduplication": false,
            "delivery_policy": "",
            "display_name": "",
            "fifo_topic": false,
            "firehose_failure_feedback_role_arn": "",
            "firehose_success_feedback_role_arn": "",
            "firehose_success_feedback_sample_rate": 0,
            "http_failure_feedback_role_arn": "",
            "http_success_feedback_role_arn": "",
            "http_success_feedback_sample_rate": 0,
            "id": "arn:aws:sns:eu-west-1:404315009621:transfer-shoots-alarm-production",
            "kms_master_key_id": "",
            "lambda_failure_feedback_role_arn": "",
            "lambda_success_feedback_role_arn": "",
            "lambda_success_feedback_sample_rate": 0,
            "name": "transfer-shoots-alarm-production",
            "name_prefix": "",
            "owner": "404315009621",
            "policy": "{\"Id\":\"__default_policy_ID\",\"Statement\":[{\"Action\":[\"SNS:GetTopicAttributes\",\"SNS:SetTopicAttributes\",\"SNS:AddPermission\",\"SNS:RemovePermission\",\"SNS:DeleteTopic\",\"SNS:Subscribe\",\"SNS:ListSubscriptionsByTopic\",\"SNS:Publish\"],\"Condition\":{\"StringEquals\":{\"AWS:SourceOwner\":\"404315009621\"}},\"Effect\":\"Allow\",\"Principal\":{\"AWS\":\"*\"},\"Resource\":\"arn:aws:sns:eu-west-1:404315009621:transfer-shoots-alarm-production\",\"Sid\":\"__default_statement_ID\"}],\"Version\":\"2008-10-17\"}",
            "signature_version": 0,
            "sqs_failure_feedback_role_arn": "",
            "sqs_success_feedback_role_arn": "",
            "sqs_success_feedback_sample_rate": 0,
            "tags": {},
            "tags_all": {},
            "tracing_config": ""
          },
          "sensitive_attributes": [],
          "private": "bnVsbA=="
        }
      ]
    },
    {
      "module": "module.production_lambda.module.input_queue.module.input_queue",
      "mode": "data",
      "type": "aws_caller_identity",
      "name": "current",
      "provider": "provider[\"registry.terraform.io/hashicorp/aws\"]",
      "instances": [
        {
          "schema_version": 0,
          "attributes": {
            "account_id": "404315009621",
            "arn": "arn:aws:sts::404315009621:assumed-role/digitisation-developer/aws-go-sdk-1721134354589563000",
            "id": "404315009621",
            "user_id": "AROAV4IYNOJKTCHJELIGZ:aws-go-sdk-1721134354589563000"
          },
          "sensitive_attributes": []
        }
      ]
    },
    {
      "module": "module.production_lambda.module.input_queue.module.input_queue",
      "mode": "data",
      "type": "aws_iam_policy_document",
      "name": "read_from_queue",
      "provider": "provider[\"registry.terraform.io/hashicorp/aws\"]",
      "instances": [
        {
          "schema_version": 0,
          "attributes": {
            "id": "2552967950",
            "json": "{\n  \"Version\": \"2012-10-17\",\n  \"Statement\": [\n    {\n      \"Effect\": \"Allow\",\n      \"Action\": [\n        \"sqs:ReceiveMessage\",\n        \"sqs:DeleteMessage\",\n        \"sqs:ChangeMessageVisibilityBatch\",\n        \"sqs:ChangeMessageVisibility\"\n      ],\n      \"Resource\": \"arn:aws:sqs:eu-west-1:404315009621:transfer-shoots-production\"\n    }\n  ]\n}",
            "minified_json": "{\"Version\":\"2012-10-17\",\"Statement\":[{\"Effect\":\"Allow\",\"Action\":[\"sqs:ReceiveMessage\",\"sqs:DeleteMessage\",\"sqs:ChangeMessageVisibilityBatch\",\"sqs:ChangeMessageVisibility\"],\"Resource\":\"arn:aws:sqs:eu-west-1:404315009621:transfer-shoots-production\"}]}",
            "override_json": null,
            "override_policy_documents": null,
            "policy_id": null,
            "source_json": null,
            "source_policy_documents": null,
            "statement": [
              {
                "actions": [
                  "sqs:ChangeMessageVisibility",
                  "sqs:ChangeMessageVisibilityBatch",
                  "sqs:DeleteMessage",
                  "sqs:ReceiveMessage"
                ],
                "condition": [],
                "effect": "Allow",
                "not_actions": [],
                "not_principals": [],
                "not_resources": [],
                "principals": [],
                "resources": [
                  "arn:aws:sqs:eu-west-1:404315009621:transfer-shoots-production"
                ],
                "sid": ""
              }
            ],
            "version": "2012-10-17"
          },
          "sensitive_attributes": []
        }
      ]
    },
    {
      "module": "module.production_lambda.module.input_queue.module.input_queue",
      "mode": "data",
      "type": "aws_iam_policy_document",
      "name": "write_to_queue",
      "provider": "provider[\"registry.terraform.io/hashicorp/aws\"]",
      "instances": [
        {
          "schema_version": 0,
          "attributes": {
            "id": "2738586252",
            "json": "{\n  \"Version\": \"2012-10-17\",\n  \"Statement\": [\n    {\n      \"Sid\": \"es-sns-to-sqs-policy\",\n      \"Effect\": \"Allow\",\n      \"Action\": \"sqs:SendMessage\",\n      \"Resource\": \"arn:aws:sqs:eu-west-1:404315009621:transfer-shoots-production\",\n      \"Principal\": {\n        \"AWS\": \"*\"\n      },\n      \"Condition\": {\n        \"ArnEquals\": {\n          \"aws:SourceArn\": \"arn:aws:sns:eu-west-1:404315009621:transfer-shoots-production\"\n        }\n      }\n    }\n  ]\n}",
            "minified_json": "{\"Version\":\"2012-10-17\",\"Statement\":[{\"Sid\":\"es-sns-to-sqs-policy\",\"Effect\":\"Allow\",\"Action\":\"sqs:SendMessage\",\"Resource\":\"arn:aws:sqs:eu-west-1:404315009621:transfer-shoots-production\",\"Principal\":{\"AWS\":\"*\"},\"Condition\":{\"ArnEquals\":{\"aws:SourceArn\":\"arn:aws:sns:eu-west-1:404315009621:transfer-shoots-production\"}}}]}",
            "override_json": null,
            "override_policy_documents": null,
            "policy_id": null,
            "source_json": null,
            "source_policy_documents": null,
            "statement": [
              {
                "actions": [
                  "sqs:SendMessage"
                ],
                "condition": [
                  {
                    "test": "ArnEquals",
                    "values": [
                      "arn:aws:sns:eu-west-1:404315009621:transfer-shoots-production"
                    ],
                    "variable": "aws:SourceArn"
                  }
                ],
                "effect": "Allow",
                "not_actions": [],
                "not_principals": [],
                "not_resources": [],
                "principals": [
                  {
                    "identifiers": [
                      "*"
                    ],
                    "type": "AWS"
                  }
                ],
                "resources": [
                  "arn:aws:sqs:eu-west-1:404315009621:transfer-shoots-production"
                ],
                "sid": "es-sns-to-sqs-policy"
              }
            ],
            "version": "2012-10-17"
          },
          "sensitive_attributes": []
        }
      ]
    },
    {
      "module": "module.production_lambda.module.input_queue.module.input_queue",
      "mode": "data",
      "type": "aws_region",
      "name": "current",
      "provider": "provider[\"registry.terraform.io/hashicorp/aws\"]",
      "instances": [
        {
          "schema_version": 0,
          "attributes": {
            "description": "Europe (Ireland)",
            "endpoint": "ec2.eu-west-1.amazonaws.com",
            "id": "eu-west-1",
            "name": "eu-west-1"
          },
          "sensitive_attributes": []
        }
      ]
    },
    {
      "module": "module.production_lambda.module.input_queue.module.input_queue",
      "mode": "managed",
      "type": "aws_cloudwatch_metric_alarm",
      "name": "dlq_not_empty",
      "provider": "provider[\"registry.terraform.io/hashicorp/aws\"]",
      "instances": [
        {
          "schema_version": 1,
          "attributes": {
            "actions_enabled": true,
            "alarm_actions": [
              "arn:aws:sns:eu-west-1:404315009621:transfer-shoots-alarm-production"
            ],
            "alarm_description": "",
            "alarm_name": "transfer-shoots-production_dlq_not_empty",
            "arn": "arn:aws:cloudwatch:eu-west-1:404315009621:alarm:transfer-shoots-production_dlq_not_empty",
            "comparison_operator": "GreaterThanThreshold",
            "datapoints_to_alarm": 0,
            "dimensions": {
              "QueueName": "transfer-shoots-production_dlq"
            },
            "evaluate_low_sample_count_percentiles": "",
            "evaluation_periods": 1,
            "extended_statistic": "",
            "id": "transfer-shoots-production_dlq_not_empty",
            "insufficient_data_actions": [],
            "metric_name": "ApproximateNumberOfMessagesVisible",
            "metric_query": [],
            "namespace": "AWS/SQS",
            "ok_actions": [],
            "period": 60,
            "statistic": "Average",
            "tags": {},
            "tags_all": {},
            "threshold": 0,
            "threshold_metric_id": "",
            "treat_missing_data": "missing",
            "unit": ""
          },
          "sensitive_attributes": [],
          "private": "eyJzY2hlbWFfdmVyc2lvbiI6IjEifQ==",
          "dependencies": [
            "module.production_lambda.module.input_queue.module.dlq_alarm_topic.aws_sns_topic.topic",
            "module.production_lambda.module.input_queue.module.input_queue.aws_sqs_queue.dlq"
          ]
        }
      ]
    },
    {
      "module": "module.production_lambda.module.input_queue.module.input_queue",
      "mode": "managed",
      "type": "aws_sns_topic_subscription",
      "name": "sns_topic",
      "provider": "provider[\"registry.terraform.io/hashicorp/aws\"]",
      "instances": [
        {
          "index_key": 0,
          "schema_version": 0,
          "attributes": {
            "arn": "arn:aws:sns:eu-west-1:404315009621:transfer-shoots-production:2c909279-8913-4154-a8a1-617f442af1fb",
            "confirmation_timeout_in_minutes": 1,
            "confirmation_was_authenticated": true,
            "delivery_policy": "",
            "endpoint": "arn:aws:sqs:eu-west-1:404315009621:transfer-shoots-production",
            "endpoint_auto_confirms": false,
            "filter_policy": "",
            "filter_policy_scope": "",
            "id": "arn:aws:sns:eu-west-1:404315009621:transfer-shoots-production:2c909279-8913-4154-a8a1-617f442af1fb",
            "owner_id": "404315009621",
            "pending_confirmation": false,
            "protocol": "sqs",
            "raw_message_delivery": false,
            "redrive_policy": "",
            "replay_policy": "",
            "subscription_role_arn": "",
            "topic_arn": "arn:aws:sns:eu-west-1:404315009621:transfer-shoots-production"
          },
          "sensitive_attributes": [],
          "private": "bnVsbA==",
          "dependencies": [
            "module.production_lambda.module.input_queue.module.input_queue.aws_sqs_queue.dlq",
            "module.production_lambda.module.input_queue.module.input_queue.aws_sqs_queue.q",
            "module.production_lambda.module.input_queue.module.input_queue.data.aws_caller_identity.current",
            "module.production_lambda.module.input_queue.module.input_queue.data.aws_iam_policy_document.write_to_queue",
            "module.production_lambda.module.input_queue.module.input_queue.data.aws_region.current",
            "module.production_lambda.module.input_queue.module.transfer_shoots_topic.aws_sns_topic.topic"
          ]
        }
      ]
    },
    {
      "module": "module.production_lambda.module.input_queue.module.input_queue",
      "mode": "managed",
      "type": "aws_sqs_queue",
      "name": "dlq",
      "provider": "provider[\"registry.terraform.io/hashicorp/aws\"]",
      "instances": [
        {
          "schema_version": 0,
          "attributes": {
            "arn": "arn:aws:sqs:eu-west-1:404315009621:transfer-shoots-production_dlq",
            "content_based_deduplication": false,
            "deduplication_scope": "",
            "delay_seconds": 0,
            "fifo_queue": false,
            "fifo_throughput_limit": "",
            "id": "https://sqs.eu-west-1.amazonaws.com/404315009621/transfer-shoots-production_dlq",
            "kms_data_key_reuse_period_seconds": 300,
            "kms_master_key_id": "",
            "max_message_size": 262144,
            "message_retention_seconds": 345600,
            "name": "transfer-shoots-production_dlq",
            "name_prefix": "",
            "policy": "",
            "receive_wait_time_seconds": 0,
            "redrive_allow_policy": "",
            "redrive_policy": "",
            "sqs_managed_sse_enabled": true,
            "tags": {},
            "tags_all": {},
            "url": "https://sqs.eu-west-1.amazonaws.com/404315009621/transfer-shoots-production_dlq",
            "visibility_timeout_seconds": 30
          },
          "sensitive_attributes": [],
          "private": "bnVsbA=="
        }
      ]
    },
    {
      "module": "module.production_lambda.module.input_queue.module.input_queue",
      "mode": "managed",
      "type": "aws_sqs_queue",
      "name": "q",
      "provider": "provider[\"registry.terraform.io/hashicorp/aws\"]",
      "instances": [
        {
          "schema_version": 0,
          "attributes": {
            "arn": "arn:aws:sqs:eu-west-1:404315009621:transfer-shoots-production",
            "content_based_deduplication": false,
            "deduplication_scope": "",
            "delay_seconds": 0,
            "fifo_queue": false,
            "fifo_throughput_limit": "",
            "id": "https://sqs.eu-west-1.amazonaws.com/404315009621/transfer-shoots-production",
            "kms_data_key_reuse_period_seconds": 300,
            "kms_master_key_id": "",
            "max_message_size": 262144,
            "message_retention_seconds": 1200,
            "name": "transfer-shoots-production",
            "name_prefix": "",
            "policy": "{\"Statement\":[{\"Action\":\"sqs:SendMessage\",\"Condition\":{\"ArnEquals\":{\"aws:SourceArn\":\"arn:aws:sns:eu-west-1:404315009621:transfer-shoots-production\"}},\"Effect\":\"Allow\",\"Principal\":{\"AWS\":\"*\"},\"Resource\":\"arn:aws:sqs:eu-west-1:404315009621:transfer-shoots-production\",\"Sid\":\"es-sns-to-sqs-policy\"}],\"Version\":\"2012-10-17\"}",
            "receive_wait_time_seconds": 0,
            "redrive_allow_policy": "",
            "redrive_policy": "{\"deadLetterTargetArn\":\"arn:aws:sqs:eu-west-1:404315009621:transfer-shoots-production_dlq\",\"maxReceiveCount\":1}",
            "sqs_managed_sse_enabled": true,
            "tags": {},
            "tags_all": {},
            "url": "https://sqs.eu-west-1.amazonaws.com/404315009621/transfer-shoots-production",
            "visibility_timeout_seconds": 160
          },
          "sensitive_attributes": [],
          "private": "bnVsbA==",
          "dependencies": [
            "module.production_lambda.module.input_queue.module.input_queue.aws_sqs_queue.dlq",
            "module.production_lambda.module.input_queue.module.input_queue.data.aws_caller_identity.current",
            "module.production_lambda.module.input_queue.module.input_queue.data.aws_iam_policy_document.write_to_queue",
            "module.production_lambda.module.input_queue.module.input_queue.data.aws_region.current",
            "module.production_lambda.module.input_queue.module.transfer_shoots_topic.aws_sns_topic.topic"
          ]
        }
      ]
    },
    {
      "module": "module.production_lambda.module.input_queue.module.transfer_shoots_topic",
      "mode": "data",
      "type": "aws_caller_identity",
      "name": "current",
      "provider": "provider[\"registry.terraform.io/hashicorp/aws\"]",
      "instances": [
        {
          "schema_version": 0,
          "attributes": {
            "account_id": "404315009621",
            "arn": "arn:aws:sts::404315009621:assumed-role/digitisation-developer/aws-go-sdk-1721134354589563000",
            "id": "404315009621",
            "user_id": "AROAV4IYNOJKTCHJELIGZ:aws-go-sdk-1721134354589563000"
          },
          "sensitive_attributes": []
        }
      ]
    },
    {
      "module": "module.production_lambda.module.input_queue.module.transfer_shoots_topic",
      "mode": "data",
      "type": "aws_iam_policy_document",
      "name": "cross_account_sns_topic_policy",
      "provider": "provider[\"registry.terraform.io/hashicorp/aws\"]",
      "instances": [
        {
          "schema_version": 0,
          "attributes": {
            "id": "3746585137",
            "json": "{\n  \"Version\": \"2012-10-17\",\n  \"Id\": \"__default_policy_ID\",\n  \"Statement\": [\n    {\n      \"Sid\": \"__default_statement_ID\",\n      \"Effect\": \"Allow\",\n      \"Action\": [\n        \"SNS:Subscribe\",\n        \"SNS:SetTopicAttributes\",\n        \"SNS:RemovePermission\",\n        \"SNS:Receive\",\n        \"SNS:Publish\",\n        \"SNS:ListSubscriptionsByTopic\",\n        \"SNS:GetTopicAttributes\",\n        \"SNS:DeleteTopic\",\n        \"SNS:AddPermission\"\n      ],\n      \"Resource\": \"arn:aws:sns:eu-west-1:404315009621:transfer-shoots-production\",\n      \"Principal\": {\n        \"AWS\": \"*\"\n      },\n      \"Condition\": {\n        \"StringEquals\": {\n          \"AWS:SourceOwner\": \"404315009621\"\n        }\n      }\n    },\n    {\n      \"Sid\": \"ReportingAccess\",\n      \"Effect\": \"Allow\",\n      \"Action\": [\n        \"SNS:Subscribe\",\n        \"SNS:SetTopicAttributes\",\n        \"SNS:Receive\",\n        \"SNS:ListSubscriptionsByTopic\",\n        \"SNS:GetTopicAttributes\"\n      ],\n      \"Resource\": \"arn:aws:sns:eu-west-1:404315009621:transfer-shoots-production\",\n      \"Principal\": {\n        \"AWS\": []\n      }\n    }\n  ]\n}",
            "minified_json": "{\"Version\":\"2012-10-17\",\"Id\":\"__default_policy_ID\",\"Statement\":[{\"Sid\":\"__default_statement_ID\",\"Effect\":\"Allow\",\"Action\":[\"SNS:Subscribe\",\"SNS:SetTopicAttributes\",\"SNS:RemovePermission\",\"SNS:Receive\",\"SNS:Publish\",\"SNS:ListSubscriptionsByTopic\",\"SNS:GetTopicAttributes\",\"SNS:DeleteTopic\",\"SNS:AddPermission\"],\"Resource\":\"arn:aws:sns:eu-west-1:404315009621:transfer-shoots-production\",\"Principal\":{\"AWS\":\"*\"},\"Condition\":{\"StringEquals\":{\"AWS:SourceOwner\":\"404315009621\"}}},{\"Sid\":\"ReportingAccess\",\"Effect\":\"Allow\",\"Action\":[\"SNS:Subscribe\",\"SNS:SetTopicAttributes\",\"SNS:Receive\",\"SNS:ListSubscriptionsByTopic\",\"SNS:GetTopicAttributes\"],\"Resource\":\"arn:aws:sns:eu-west-1:404315009621:transfer-shoots-production\",\"Principal\":{\"AWS\":[]}}]}",
            "override_json": null,
            "override_policy_documents": null,
            "policy_id": "__default_policy_ID",
            "source_json": null,
            "source_policy_documents": null,
            "statement": [
              {
                "actions": [
                  "SNS:AddPermission",
                  "SNS:DeleteTopic",
                  "SNS:GetTopicAttributes",
                  "SNS:ListSubscriptionsByTopic",
                  "SNS:Publish",
                  "SNS:Receive",
                  "SNS:RemovePermission",
                  "SNS:SetTopicAttributes",
                  "SNS:Subscribe"
                ],
                "condition": [
                  {
                    "test": "StringEquals",
                    "values": [
                      "404315009621"
                    ],
                    "variable": "AWS:SourceOwner"
                  }
                ],
                "effect": "Allow",
                "not_actions": [],
                "not_principals": [],
                "not_resources": [],
                "principals": [
                  {
                    "identifiers": [
                      "*"
                    ],
                    "type": "AWS"
                  }
                ],
                "resources": [
                  "arn:aws:sns:eu-west-1:404315009621:transfer-shoots-production"
                ],
                "sid": "__default_statement_ID"
              },
              {
                "actions": [
                  "SNS:GetTopicAttributes",
                  "SNS:ListSubscriptionsByTopic",
                  "SNS:Receive",
                  "SNS:SetTopicAttributes",
                  "SNS:Subscribe"
                ],
                "condition": [],
                "effect": "Allow",
                "not_actions": [],
                "not_principals": [],
                "not_resources": [],
                "principals": [
                  {
                    "identifiers": [],
                    "type": "AWS"
                  }
                ],
                "resources": [
                  "arn:aws:sns:eu-west-1:404315009621:transfer-shoots-production"
                ],
                "sid": "ReportingAccess"
              }
            ],
            "version": "2012-10-17"
          },
          "sensitive_attributes": []
        }
      ]
    },
    {
      "module": "module.production_lambda.module.input_queue.module.transfer_shoots_topic",
      "mode": "data",
      "type": "aws_iam_policy_document",
      "name": "publish_to_topic",
      "provider": "provider[\"registry.terraform.io/hashicorp/aws\"]",
      "instances": [
        {
          "schema_version": 0,
          "attributes": {
            "id": "551570421",
            "json": "{\n  \"Version\": \"2012-10-17\",\n  \"Statement\": [\n    {\n      \"Effect\": \"Allow\",\n      \"Action\": \"sns:Publish\",\n      \"Resource\": \"arn:aws:sns:eu-west-1:404315009621:transfer-shoots-production\"\n    }\n  ]\n}",
            "minified_json": "{\"Version\":\"2012-10-17\",\"Statement\":[{\"Effect\":\"Allow\",\"Action\":\"sns:Publish\",\"Resource\":\"arn:aws:sns:eu-west-1:404315009621:transfer-shoots-production\"}]}",
            "override_json": null,
            "override_policy_documents": null,
            "policy_id": null,
            "source_json": null,
            "source_policy_documents": null,
            "statement": [
              {
                "actions": [
                  "sns:Publish"
                ],
                "condition": [],
                "effect": "Allow",
                "not_actions": [],
                "not_principals": [],
                "not_resources": [],
                "principals": [],
                "resources": [
                  "arn:aws:sns:eu-west-1:404315009621:transfer-shoots-production"
                ],
                "sid": ""
              }
            ],
            "version": "2012-10-17"
          },
          "sensitive_attributes": []
        }
      ]
    },
    {
      "module": "module.production_lambda.module.input_queue.module.transfer_shoots_topic",
      "mode": "managed",
      "type": "aws_sns_topic",
      "name": "topic",
      "provider": "provider[\"registry.terraform.io/hashicorp/aws\"]",
      "instances": [
        {
          "schema_version": 0,
          "attributes": {
            "application_failure_feedback_role_arn": "",
            "application_success_feedback_role_arn": "",
            "application_success_feedback_sample_rate": 0,
            "archive_policy": "",
            "arn": "arn:aws:sns:eu-west-1:404315009621:transfer-shoots-production",
            "beginning_archive_time": "",
            "content_based_deduplication": false,
            "delivery_policy": "",
            "display_name": "",
            "fifo_topic": false,
            "firehose_failure_feedback_role_arn": "",
            "firehose_success_feedback_role_arn": "",
            "firehose_success_feedback_sample_rate": 0,
            "http_failure_feedback_role_arn": "",
            "http_success_feedback_role_arn": "",
            "http_success_feedback_sample_rate": 0,
            "id": "arn:aws:sns:eu-west-1:404315009621:transfer-shoots-production",
            "kms_master_key_id": "",
            "lambda_failure_feedback_role_arn": "",
            "lambda_success_feedback_role_arn": "",
            "lambda_success_feedback_sample_rate": 0,
            "name": "transfer-shoots-production",
            "name_prefix": "",
            "owner": "404315009621",
            "policy": "{\"Id\":\"__default_policy_ID\",\"Statement\":[{\"Action\":[\"SNS:GetTopicAttributes\",\"SNS:SetTopicAttributes\",\"SNS:AddPermission\",\"SNS:RemovePermission\",\"SNS:DeleteTopic\",\"SNS:Subscribe\",\"SNS:ListSubscriptionsByTopic\",\"SNS:Publish\"],\"Condition\":{\"StringEquals\":{\"AWS:SourceOwner\":\"404315009621\"}},\"Effect\":\"Allow\",\"Principal\":{\"AWS\":\"*\"},\"Resource\":\"arn:aws:sns:eu-west-1:404315009621:transfer-shoots-production\",\"Sid\":\"__default_statement_ID\"}],\"Version\":\"2008-10-17\"}",
            "signature_version": 0,
            "sqs_failure_feedback_role_arn": "",
            "sqs_success_feedback_role_arn": "",
            "sqs_success_feedback_sample_rate": 0,
            "tags": {},
            "tags_all": {},
            "tracing_config": ""
          },
          "sensitive_attributes": [],
          "private": "bnVsbA=="
        }
      ]
    },
    {
      "module": "module.production_lambda.module.transfer_lambda",
      "mode": "managed",
      "type": "aws_iam_role_policy",
      "name": "read_from_editorial_photography",
      "provider": "provider[\"registry.terraform.io/hashicorp/aws\"]",
      "instances": [
        {
          "schema_version": 0,
          "attributes": {
            "id": "lambda-role-editorial-photography-transfer-production:read_from_editorial_photography-production",
            "name": "read_from_editorial_photography-production",
            "name_prefix": "",
            "policy": "{\"Version\":\"2012-10-17\",\"Statement\":[{\"Action\":[\"s3:GetObject\",\"s3:ListBucket\"],\"Effect\":\"Allow\",\"Resource\":[\"arn:aws:s3:::wellcomecollection-editorial-photography\",\"arn:aws:s3:::wellcomecollection-editorial-photography/*\"]}]}",
            "role": "lambda-role-editorial-photography-transfer-production"
          },
          "sensitive_attributes": [],
          "private": "bnVsbA==",
          "dependencies": [
            "module.production_lambda.module.transfer_lambda.module.transfer_lambda.aws_iam_role.lambda",
            "module.production_lambda.module.transfer_lambda.module.transfer_lambda.data.aws_iam_policy_document.lambda_assume_role"
          ]
        }
      ]
    },
    {
      "module": "module.production_lambda.module.transfer_lambda",
      "mode": "managed",
      "type": "aws_iam_role_policy",
      "name": "write_to_archivematica_transfer_source",
      "provider": "provider[\"registry.terraform.io/hashicorp/aws\"]",
      "instances": [
        {
          "schema_version": 0,
          "attributes": {
            "id": "lambda-role-editorial-photography-transfer-production:write_to_archivematica_transfer_source-production",
            "name": "write_to_archivematica_transfer_source-production",
            "name_prefix": "",
            "policy": "{\"Version\":\"2012-10-17\",\"Statement\":[{\"Action\":\"s3:PutObject\",\"Effect\":\"Allow\",\"Resource\":\"arn:aws:s3:::wellcomecollection-archivematica-transfer-source/*\"}]}",
            "role": "lambda-role-editorial-photography-transfer-production"
          },
          "sensitive_attributes": [],
          "private": "bnVsbA==",
          "dependencies": [
            "module.production_lambda.module.transfer_lambda.module.transfer_lambda.aws_iam_role.lambda",
            "module.production_lambda.module.transfer_lambda.module.transfer_lambda.data.aws_iam_policy_document.lambda_assume_role"
          ]
        }
      ]
    },
    {
      "module": "module.production_lambda.module.transfer_lambda.module.transfer_lambda",
      "mode": "data",
      "type": "aws_caller_identity",
      "name": "account",
      "provider": "provider[\"registry.terraform.io/hashicorp/aws\"]",
      "instances": [
        {
          "schema_version": 0,
          "attributes": {
            "account_id": "404315009621",
            "arn": "arn:aws:sts::404315009621:assumed-role/digitisation-developer/aws-go-sdk-1721134354589563000",
            "id": "404315009621",
            "user_id": "AROAV4IYNOJKTCHJELIGZ:aws-go-sdk-1721134354589563000"
          },
          "sensitive_attributes": []
        }
      ]
    },
    {
      "module": "module.production_lambda.module.transfer_lambda.module.transfer_lambda",
      "mode": "data",
      "type": "aws_iam_policy_document",
      "name": "lambda_assume_role",
      "provider": "provider[\"registry.terraform.io/hashicorp/aws\"]",
      "instances": [
        {
          "schema_version": 0,
          "attributes": {
            "id": "2690255455",
            "json": "{\n  \"Version\": \"2012-10-17\",\n  \"Statement\": [\n    {\n      \"Effect\": \"Allow\",\n      \"Action\": \"sts:AssumeRole\",\n      \"Principal\": {\n        \"Service\": \"lambda.amazonaws.com\"\n      }\n    }\n  ]\n}",
            "minified_json": "{\"Version\":\"2012-10-17\",\"Statement\":[{\"Effect\":\"Allow\",\"Action\":\"sts:AssumeRole\",\"Principal\":{\"Service\":\"lambda.amazonaws.com\"}}]}",
            "override_json": null,
            "override_policy_documents": null,
            "policy_id": null,
            "source_json": null,
            "source_policy_documents": null,
            "statement": [
              {
                "actions": [
                  "sts:AssumeRole"
                ],
                "condition": [],
                "effect": "Allow",
                "not_actions": [],
                "not_principals": [],
                "not_resources": [],
                "principals": [
                  {
                    "identifiers": [
                      "lambda.amazonaws.com"
                    ],
                    "type": "Service"
                  }
                ],
                "resources": [],
                "sid": ""
              }
            ],
            "version": "2012-10-17"
          },
          "sensitive_attributes": []
        }
      ]
    },
    {
      "module": "module.production_lambda.module.transfer_lambda.module.transfer_lambda",
      "mode": "data",
      "type": "aws_iam_policy_document",
      "name": "lambda_logging",
      "provider": "provider[\"registry.terraform.io/hashicorp/aws\"]",
      "instances": [
        {
          "schema_version": 0,
          "attributes": {
            "id": "3070120303",
            "json": "{\n  \"Version\": \"2012-10-17\",\n  \"Statement\": [\n    {\n      \"Effect\": \"Allow\",\n      \"Action\": \"logs:CreateLogGroup\",\n      \"Resource\": \"arn:aws:logs:region:404315009621:*\"\n    },\n    {\n      \"Effect\": \"Allow\",\n      \"Action\": [\n        \"logs:PutLogEvents\",\n        \"logs:CreateLogStream\"\n      ],\n      \"Resource\": \"arn:aws:logs:eu-west-1:404315009621:log-group:/aws/lambda/editorial-photography-transfer-production:*\"\n    }\n  ]\n}",
            "minified_json": "{\"Version\":\"2012-10-17\",\"Statement\":[{\"Effect\":\"Allow\",\"Action\":\"logs:CreateLogGroup\",\"Resource\":\"arn:aws:logs:region:404315009621:*\"},{\"Effect\":\"Allow\",\"Action\":[\"logs:PutLogEvents\",\"logs:CreateLogStream\"],\"Resource\":\"arn:aws:logs:eu-west-1:404315009621:log-group:/aws/lambda/editorial-photography-transfer-production:*\"}]}",
            "override_json": null,
            "override_policy_documents": null,
            "policy_id": null,
            "source_json": null,
            "source_policy_documents": null,
            "statement": [
              {
                "actions": [
                  "logs:CreateLogGroup"
                ],
                "condition": [],
                "effect": "Allow",
                "not_actions": [],
                "not_principals": [],
                "not_resources": [],
                "principals": [],
                "resources": [
                  "arn:aws:logs:region:404315009621:*"
                ],
                "sid": ""
              },
              {
                "actions": [
                  "logs:CreateLogStream",
                  "logs:PutLogEvents"
                ],
                "condition": [],
                "effect": "Allow",
                "not_actions": [],
                "not_principals": [],
                "not_resources": [],
                "principals": [],
                "resources": [
                  "arn:aws:logs:eu-west-1:404315009621:log-group:/aws/lambda/editorial-photography-transfer-production:*"
                ],
                "sid": ""
              }
            ],
            "version": "2012-10-17"
          },
          "sensitive_attributes": []
        }
      ]
    },
    {
      "module": "module.production_lambda.module.transfer_lambda.module.transfer_lambda",
      "mode": "data",
      "type": "aws_iam_policy_document",
      "name": "network_interface",
      "provider": "provider[\"registry.terraform.io/hashicorp/aws\"]",
      "instances": [
        {
          "schema_version": 0,
          "attributes": {
            "id": "2032075453",
            "json": "{\n  \"Version\": \"2012-10-17\",\n  \"Statement\": [\n    {\n      \"Effect\": \"Allow\",\n      \"Action\": [\n        \"ec2:DescribeNetworkInterfaces\",\n        \"ec2:DeleteNetworkInterface\",\n        \"ec2:CreateNetworkInterface\"\n      ],\n      \"Resource\": \"*\"\n    }\n  ]\n}",
            "minified_json": "{\"Version\":\"2012-10-17\",\"Statement\":[{\"Effect\":\"Allow\",\"Action\":[\"ec2:DescribeNetworkInterfaces\",\"ec2:DeleteNetworkInterface\",\"ec2:CreateNetworkInterface\"],\"Resource\":\"*\"}]}",
            "override_json": null,
            "override_policy_documents": null,
            "policy_id": null,
            "source_json": null,
            "source_policy_documents": null,
            "statement": [
              {
                "actions": [
                  "ec2:CreateNetworkInterface",
                  "ec2:DeleteNetworkInterface",
                  "ec2:DescribeNetworkInterfaces"
                ],
                "condition": [],
                "effect": "Allow",
                "not_actions": [],
                "not_principals": [],
                "not_resources": [],
                "principals": [],
                "resources": [
                  "*"
                ],
                "sid": ""
              }
            ],
            "version": "2012-10-17"
          },
          "sensitive_attributes": []
        }
      ]
    },
    {
      "module": "module.production_lambda.module.transfer_lambda.module.transfer_lambda",
      "mode": "data",
      "type": "aws_ssm_parameter",
      "name": "log_destination",
      "provider": "provider[\"registry.terraform.io/hashicorp/aws\"]",
      "instances": [
        {
          "schema_version": 0,
          "attributes": {
            "arn": "arn:aws:ssm:eu-west-1:404315009621:parameter/logging/forwarder/destination_arn",
            "id": "/logging/forwarder/destination_arn",
            "insecure_value": "arn:aws:logs:eu-west-1:760097843905:destination:elasticsearch-forwarder-logs",
            "name": "/logging/forwarder/destination_arn",
            "type": "String",
            "value": "arn:aws:logs:eu-west-1:760097843905:destination:elasticsearch-forwarder-logs",
            "version": 1,
            "with_decryption": true
          },
          "sensitive_attributes": [
            [
              {
                "type": "get_attr",
                "value": "value"
              }
            ]
          ]
        }
      ]
    },
    {
      "module": "module.production_lambda.module.transfer_lambda.module.transfer_lambda",
      "mode": "managed",
      "type": "aws_cloudwatch_log_group",
      "name": "lambda",
      "provider": "provider[\"registry.terraform.io/hashicorp/aws\"]",
      "instances": [
        {
          "schema_version": 0,
          "attributes": {
            "arn": "arn:aws:logs:eu-west-1:404315009621:log-group:/aws/lambda/editorial-photography-transfer-production",
            "id": "/aws/lambda/editorial-photography-transfer-production",
            "kms_key_id": "",
            "log_group_class": "STANDARD",
            "name": "/aws/lambda/editorial-photography-transfer-production",
            "name_prefix": "",
            "retention_in_days": 1,
            "skip_destroy": false,
            "tags": {},
            "tags_all": {}
          },
          "sensitive_attributes": [],
          "private": "bnVsbA=="
        }
      ]
    },
    {
      "module": "module.production_lambda.module.transfer_lambda.module.transfer_lambda",
      "mode": "managed",
      "type": "aws_cloudwatch_log_subscription_filter",
      "name": "kinesis",
      "provider": "provider[\"registry.terraform.io/hashicorp/aws\"]",
      "instances": [
        {
          "index_key": "lambda-logs-to-kinesis",
          "schema_version": 0,
          "attributes": {
            "destination_arn": "arn:aws:logs:eu-west-1:760097843905:destination:elasticsearch-forwarder-logs",
            "distribution": "ByLogStream",
            "filter_pattern": "",
            "id": "cwlsf-445002994",
            "log_group_name": "/aws/lambda/editorial-photography-transfer-production",
            "name": "lambda-logs-to-kinesis",
            "role_arn": ""
          },
          "sensitive_attributes": [
            [
              {
                "type": "get_attr",
                "value": "destination_arn"
              }
            ]
          ],
          "private": "bnVsbA==",
          "dependencies": [
            "module.production_lambda.module.transfer_lambda.module.transfer_lambda.aws_cloudwatch_log_group.lambda",
            "module.production_lambda.module.transfer_lambda.module.transfer_lambda.data.aws_ssm_parameter.log_destination"
          ]
        }
      ]
    },
    {
      "module": "module.production_lambda.module.transfer_lambda.module.transfer_lambda",
      "mode": "managed",
      "type": "aws_iam_policy",
      "name": "lambda_logging",
      "provider": "provider[\"registry.terraform.io/hashicorp/aws\"]",
      "instances": [
        {
          "schema_version": 0,
          "attributes": {
            "arn": "arn:aws:iam::404315009621:policy/lambda-logging-editorial-photography-transfer-production",
            "attachment_count": 1,
            "description": "Allow the editorial-photography-transfer-production Lambda to send logs to CloudWatch",
            "id": "arn:aws:iam::404315009621:policy/lambda-logging-editorial-photography-transfer-production",
            "name": "lambda-logging-editorial-photography-transfer-production",
            "name_prefix": "",
            "path": "/",
            "policy": "{\"Statement\":[{\"Action\":\"logs:CreateLogGroup\",\"Effect\":\"Allow\",\"Resource\":\"arn:aws:logs:region:404315009621:*\"},{\"Action\":[\"logs:PutLogEvents\",\"logs:CreateLogStream\"],\"Effect\":\"Allow\",\"Resource\":\"arn:aws:logs:eu-west-1:404315009621:log-group:/aws/lambda/editorial-photography-transfer-production:*\"}],\"Version\":\"2012-10-17\"}",
            "policy_id": "ANPAV4IYNOJKREQUT7Z66",
            "tags": {},
            "tags_all": {}
          },
          "sensitive_attributes": [],
          "private": "bnVsbA==",
          "dependencies": [
            "module.production_lambda.module.transfer_lambda.module.transfer_lambda.aws_cloudwatch_log_group.lambda",
            "module.production_lambda.module.transfer_lambda.module.transfer_lambda.data.aws_caller_identity.account",
            "module.production_lambda.module.transfer_lambda.module.transfer_lambda.data.aws_iam_policy_document.lambda_logging"
          ]
        }
      ]
    },
    {
      "module": "module.production_lambda.module.transfer_lambda.module.transfer_lambda",
      "mode": "managed",
      "type": "aws_iam_role",
      "name": "lambda",
      "provider": "provider[\"registry.terraform.io/hashicorp/aws\"]",
      "instances": [
        {
          "schema_version": 0,
          "attributes": {
            "arn": "arn:aws:iam::404315009621:role/lambda-role-editorial-photography-transfer-production",
            "assume_role_policy": "{\"Statement\":[{\"Action\":\"sts:AssumeRole\",\"Effect\":\"Allow\",\"Principal\":{\"Service\":\"lambda.amazonaws.com\"}}],\"Version\":\"2012-10-17\"}",
            "create_date": "2024-07-15T14:14:40Z",
            "description": "",
            "force_detach_policies": false,
            "id": "lambda-role-editorial-photography-transfer-production",
            "inline_policy": [
              {
                "name": "editorial-photography-production-pull-from-queue",
                "policy": "{\"Version\":\"2012-10-17\",\"Statement\":[{\"Action\":[\"sqs:ReceiveMessage\",\"sqs:GetQueueAttributes\",\"sqs:DeleteMessage\"],\"Effect\":\"Allow\",\"Resource\":\"arn:aws:sqs:eu-west-1:404315009621:transfer-shoots-production\"}]}"
              },
              {
                "name": "terraform-20240715141440672300000001",
                "policy": "{\"Version\":\"2012-10-17\",\"Statement\":[{\"Action\":[\"s3:GetObject\",\"s3:ListBucket\"],\"Effect\":\"Allow\",\"Resource\":\"arn:aws:s3:::wellcomecollection-editorial-photography\"}]}"
              },
              {
                "name": "write_to_archivematica_transfer_source-production",
                "policy": "{\"Version\":\"2012-10-17\",\"Statement\":[{\"Action\":\"s3:PutObject\",\"Effect\":\"Allow\",\"Resource\":\"arn:aws:s3:::wellcomecollection-archivematica-transfer-source/*\"}]}"
              }
            ],
            "managed_policy_arns": [
              "arn:aws:iam::404315009621:policy/lambda-logging-editorial-photography-transfer-production"
            ],
            "max_session_duration": 3600,
            "name": "lambda-role-editorial-photography-transfer-production",
            "name_prefix": "",
            "path": "/",
            "permissions_boundary": "",
            "tags": {},
            "tags_all": {},
            "unique_id": "AROAV4IYNOJKZW7JWPDCL"
          },
          "sensitive_attributes": [],
          "private": "bnVsbA==",
          "dependencies": [
            "module.production_lambda.module.transfer_lambda.module.transfer_lambda.data.aws_iam_policy_document.lambda_assume_role"
          ]
        }
      ]
    },
    {
      "module": "module.production_lambda.module.transfer_lambda.module.transfer_lambda",
      "mode": "managed",
      "type": "aws_iam_role_policy_attachment",
      "name": "lambda_logging",
      "provider": "provider[\"registry.terraform.io/hashicorp/aws\"]",
      "instances": [
        {
          "schema_version": 0,
          "attributes": {
            "id": "lambda-role-editorial-photography-transfer-production-20240715141441102300000003",
            "policy_arn": "arn:aws:iam::404315009621:policy/lambda-logging-editorial-photography-transfer-production",
            "role": "lambda-role-editorial-photography-transfer-production"
          },
          "sensitive_attributes": [],
          "private": "bnVsbA==",
          "dependencies": [
            "module.production_lambda.module.transfer_lambda.module.transfer_lambda.aws_cloudwatch_log_group.lambda",
            "module.production_lambda.module.transfer_lambda.module.transfer_lambda.aws_iam_policy.lambda_logging",
            "module.production_lambda.module.transfer_lambda.module.transfer_lambda.aws_iam_role.lambda",
            "module.production_lambda.module.transfer_lambda.module.transfer_lambda.data.aws_caller_identity.account",
            "module.production_lambda.module.transfer_lambda.module.transfer_lambda.data.aws_iam_policy_document.lambda_assume_role",
            "module.production_lambda.module.transfer_lambda.module.transfer_lambda.data.aws_iam_policy_document.lambda_logging"
          ]
        }
      ]
    },
    {
      "module": "module.production_lambda.module.transfer_lambda.module.transfer_lambda",
      "mode": "managed",
      "type": "aws_lambda_function",
      "name": "main",
      "provider": "provider[\"registry.terraform.io/hashicorp/aws\"]",
      "instances": [
        {
          "schema_version": 0,
          "attributes": {
            "architectures": [
              "x86_64"
            ],
            "arn": "arn:aws:lambda:eu-west-1:404315009621:function:editorial-photography-transfer-production",
            "code_sha256": "6+Zdzy6IxAzcFVue7NkJR09+ZcqmMSfKPH7F4WsrtMU=",
            "code_signing_config_arn": "",
            "dead_letter_config": [],
            "description": "",
            "environment": [
              {
                "variables": {
                  "ACCESSION_NUMBER": "2754",
                  "TARGET_BUCKET": "wellcomecollection-archivematica-transfer-source"
                }
              }
            ],
            "ephemeral_storage": [
              {
                "size": 512
              }
            ],
            "file_system_config": [],
            "filename": "./lambda.zip",
            "function_name": "editorial-photography-transfer-production",
            "handler": "lambda_function.lambda_handler",
            "id": "editorial-photography-transfer-production",
            "image_config": [],
            "image_uri": "",
            "invoke_arn": "arn:aws:apigateway:eu-west-1:lambda:path/2015-03-31/functions/arn:aws:lambda:eu-west-1:404315009621:function:editorial-photography-transfer-production/invocations",
            "kms_key_arn": "",
            "last_modified": "2024-07-16T12:25:54.000+0000",
            "layers": [],
            "logging_config": [
              {
                "application_log_level": "",
                "log_format": "Text",
                "log_group": "/aws/lambda/editorial-photography-transfer-production",
                "system_log_level": ""
              }
            ],
            "memory_size": 512,
            "package_type": "Zip",
            "publish": false,
            "qualified_arn": "arn:aws:lambda:eu-west-1:404315009621:function:editorial-photography-transfer-production:$LATEST",
            "qualified_invoke_arn": "arn:aws:apigateway:eu-west-1:lambda:path/2015-03-31/functions/arn:aws:lambda:eu-west-1:404315009621:function:editorial-photography-transfer-production:$LATEST/invocations",
            "replace_security_groups_on_destroy": null,
            "replacement_security_group_ids": null,
            "reserved_concurrent_executions": -1,
            "role": "arn:aws:iam::404315009621:role/lambda-role-editorial-photography-transfer-production",
            "runtime": "python3.12",
            "s3_bucket": null,
            "s3_key": null,
            "s3_object_version": null,
            "signing_job_arn": "",
            "signing_profile_version_arn": "",
            "skip_destroy": false,
            "snap_start": [],
            "source_code_hash": "6+Zdzy6IxAzcFVue7NkJR09+ZcqmMSfKPH7F4WsrtMU=",
            "source_code_size": 29824,
            "tags": {},
            "tags_all": {},
            "timeout": 120,
            "timeouts": null,
            "tracing_config": [
              {
                "mode": "PassThrough"
              }
            ],
            "version": "$LATEST",
            "vpc_config": []
          },
          "sensitive_attributes": [],
          "private": "eyJlMmJmYjczMC1lY2FhLTExZTYtOGY4OC0zNDM2M2JjN2M0YzAiOnsiY3JlYXRlIjo2MDAwMDAwMDAwMDAsImRlbGV0ZSI6NjAwMDAwMDAwMDAwLCJ1cGRhdGUiOjYwMDAwMDAwMDAwMH19",
          "dependencies": [
            "data.archive_file.lambda_zip",
            "module.production_lambda.module.transfer_lambda.module.transfer_lambda.aws_iam_role.lambda",
            "module.production_lambda.module.transfer_lambda.module.transfer_lambda.data.aws_iam_policy_document.lambda_assume_role"
          ]
        }
      ]
    },
    {
      "module": "module.production_lambda.module.trigger",
      "mode": "data",
      "type": "aws_iam_policy_document",
      "name": "allow_sqs_pull",
      "provider": "provider[\"registry.terraform.io/hashicorp/aws\"]",
      "instances": [
        {
          "schema_version": 0,
          "attributes": {
            "id": "2608286902",
            "json": "{\n  \"Version\": \"2012-10-17\",\n  \"Statement\": [\n    {\n      \"Effect\": \"Allow\",\n      \"Action\": [\n        \"sqs:ReceiveMessage\",\n        \"sqs:GetQueueAttributes\",\n        \"sqs:DeleteMessage\"\n      ],\n      \"Resource\": \"arn:aws:sqs:eu-west-1:404315009621:transfer-shoots-production\"\n    }\n  ]\n}",
            "minified_json": "{\"Version\":\"2012-10-17\",\"Statement\":[{\"Effect\":\"Allow\",\"Action\":[\"sqs:ReceiveMessage\",\"sqs:GetQueueAttributes\",\"sqs:DeleteMessage\"],\"Resource\":\"arn:aws:sqs:eu-west-1:404315009621:transfer-shoots-production\"}]}",
            "override_json": null,
            "override_policy_documents": null,
            "policy_id": null,
            "source_json": null,
            "source_policy_documents": null,
            "statement": [
              {
                "actions": [
                  "sqs:DeleteMessage",
                  "sqs:GetQueueAttributes",
                  "sqs:ReceiveMessage"
                ],
                "condition": [],
                "effect": "Allow",
                "not_actions": [],
                "not_principals": [],
                "not_resources": [],
                "principals": [],
                "resources": [
                  "arn:aws:sqs:eu-west-1:404315009621:transfer-shoots-production"
                ],
                "sid": ""
              }
            ],
            "version": "2012-10-17"
          },
          "sensitive_attributes": []
        }
      ]
    },
    {
      "module": "module.production_lambda.module.trigger",
      "mode": "managed",
      "type": "aws_iam_role_policy",
      "name": "allow_sqs_pull",
      "provider": "provider[\"registry.terraform.io/hashicorp/aws\"]",
      "instances": [
        {
          "schema_version": 0,
          "attributes": {
            "id": "lambda-role-editorial-photography-transfer-production:editorial-photography-production-pull-from-queue",
            "name": "editorial-photography-production-pull-from-queue",
            "name_prefix": "",
            "policy": "{\"Version\":\"2012-10-17\",\"Statement\":[{\"Action\":[\"sqs:ReceiveMessage\",\"sqs:GetQueueAttributes\",\"sqs:DeleteMessage\"],\"Effect\":\"Allow\",\"Resource\":\"arn:aws:sqs:eu-west-1:404315009621:transfer-shoots-production\"}]}",
            "role": "lambda-role-editorial-photography-transfer-production"
          },
          "sensitive_attributes": [],
          "private": "bnVsbA==",
          "dependencies": [
            "module.production_lambda.module.input_queue.module.input_queue.aws_sqs_queue.dlq",
            "module.production_lambda.module.input_queue.module.input_queue.aws_sqs_queue.q",
            "module.production_lambda.module.input_queue.module.input_queue.data.aws_caller_identity.current",
            "module.production_lambda.module.input_queue.module.input_queue.data.aws_iam_policy_document.write_to_queue",
            "module.production_lambda.module.input_queue.module.input_queue.data.aws_region.current",
            "module.production_lambda.module.input_queue.module.transfer_shoots_topic.aws_sns_topic.topic",
            "module.production_lambda.module.transfer_lambda.module.transfer_lambda.aws_iam_role.lambda",
            "module.production_lambda.module.transfer_lambda.module.transfer_lambda.data.aws_iam_policy_document.lambda_assume_role",
            "module.production_lambda.module.trigger.data.aws_iam_policy_document.allow_sqs_pull"
          ]
        }
      ]
    },
    {
      "module": "module.production_lambda.module.trigger",
      "mode": "managed",
      "type": "aws_lambda_event_source_mapping",
      "name": "lambda_trigger",
      "provider": "provider[\"registry.terraform.io/hashicorp/aws\"]",
      "instances": [
        {
          "schema_version": 0,
          "attributes": {
            "amazon_managed_kafka_event_source_config": [],
            "batch_size": 1,
            "bisect_batch_on_function_error": false,
            "destination_config": [],
            "document_db_event_source_config": [],
            "enabled": true,
            "event_source_arn": "arn:aws:sqs:eu-west-1:404315009621:transfer-shoots-production",
            "filter_criteria": [],
            "function_arn": "arn:aws:lambda:eu-west-1:404315009621:function:editorial-photography-transfer-production",
            "function_name": "arn:aws:lambda:eu-west-1:404315009621:function:editorial-photography-transfer-production",
            "function_response_types": [],
            "id": "5b4798fd-d285-4dd4-b065-e5d735743e66",
            "last_modified": "2024-07-15T14:26:13Z",
            "last_processing_result": "",
            "maximum_batching_window_in_seconds": 0,
            "maximum_record_age_in_seconds": 0,
            "maximum_retry_attempts": 0,
            "parallelization_factor": 0,
            "queues": [],
            "scaling_config": [],
            "self_managed_event_source": [],
            "self_managed_kafka_event_source_config": [],
            "source_access_configuration": [],
            "starting_position": "",
            "starting_position_timestamp": "",
            "state": "Enabled",
            "state_transition_reason": "USER_INITIATED",
            "topics": [],
            "tumbling_window_in_seconds": 0,
            "uuid": "5b4798fd-d285-4dd4-b065-e5d735743e66"
          },
          "sensitive_attributes": [],
          "private": "bnVsbA==",
          "dependencies": [
            "data.archive_file.lambda_zip",
            "module.production_lambda.module.input_queue.module.input_queue.aws_sqs_queue.dlq",
            "module.production_lambda.module.input_queue.module.input_queue.aws_sqs_queue.q",
            "module.production_lambda.module.input_queue.module.input_queue.data.aws_caller_identity.current",
            "module.production_lambda.module.input_queue.module.input_queue.data.aws_iam_policy_document.write_to_queue",
            "module.production_lambda.module.input_queue.module.input_queue.data.aws_region.current",
            "module.production_lambda.module.input_queue.module.transfer_shoots_topic.aws_sns_topic.topic",
            "module.production_lambda.module.transfer_lambda.module.transfer_lambda.aws_iam_role.lambda",
            "module.production_lambda.module.transfer_lambda.module.transfer_lambda.aws_lambda_function.main",
            "module.production_lambda.module.transfer_lambda.module.transfer_lambda.data.aws_iam_policy_document.lambda_assume_role"
          ]
        }
      ]
    },
    {
      "module": "module.production_lambda.module.trigger",
      "mode": "managed",
      "type": "aws_lambda_permission",
      "name": "allow_lambda_sqs_trigger",
      "provider": "provider[\"registry.terraform.io/hashicorp/aws\"]",
      "instances": [
        {
          "schema_version": 0,
          "attributes": {
            "action": "lambda:InvokeFunction",
            "event_source_token": null,
            "function_name": "editorial-photography-transfer-production",
            "function_url_auth_type": null,
            "id": "terraform-20240715141530727400000006",
            "principal": "sqs.amazonaws.com",
            "principal_org_id": null,
            "qualifier": "",
            "source_account": null,
            "source_arn": "arn:aws:sqs:eu-west-1:404315009621:transfer-shoots-production",
            "statement_id": "terraform-20240715141530727400000006",
            "statement_id_prefix": "terraform-"
          },
          "sensitive_attributes": [],
          "private": "bnVsbA==",
          "dependencies": [
            "data.archive_file.lambda_zip",
            "module.production_lambda.module.input_queue.module.input_queue.aws_sqs_queue.dlq",
            "module.production_lambda.module.input_queue.module.input_queue.aws_sqs_queue.q",
            "module.production_lambda.module.input_queue.module.input_queue.data.aws_caller_identity.current",
            "module.production_lambda.module.input_queue.module.input_queue.data.aws_iam_policy_document.write_to_queue",
            "module.production_lambda.module.input_queue.module.input_queue.data.aws_region.current",
            "module.production_lambda.module.input_queue.module.transfer_shoots_topic.aws_sns_topic.topic",
            "module.production_lambda.module.transfer_lambda.module.transfer_lambda.aws_iam_role.lambda",
            "module.production_lambda.module.transfer_lambda.module.transfer_lambda.aws_lambda_function.main",
            "module.production_lambda.module.transfer_lambda.module.transfer_lambda.data.aws_iam_policy_document.lambda_assume_role"
          ]
        }
      ]
    },
    {
      "module": "module.staging_lambda.module.input_queue.module.dlq_alarm_topic",
      "mode": "data",
      "type": "aws_caller_identity",
      "name": "current",
      "provider": "provider[\"registry.terraform.io/hashicorp/aws\"]",
      "instances": [
        {
          "schema_version": 0,
          "attributes": {
            "account_id": "404315009621",
            "arn": "arn:aws:sts::404315009621:assumed-role/digitisation-developer/aws-go-sdk-1721134354589563000",
            "id": "404315009621",
            "user_id": "AROAV4IYNOJKTCHJELIGZ:aws-go-sdk-1721134354589563000"
          },
          "sensitive_attributes": []
        }
      ]
    },
    {
      "module": "module.staging_lambda.module.input_queue.module.dlq_alarm_topic",
      "mode": "data",
      "type": "aws_iam_policy_document",
      "name": "cross_account_sns_topic_policy",
      "provider": "provider[\"registry.terraform.io/hashicorp/aws\"]",
      "instances": [
        {
          "schema_version": 0,
          "attributes": {
            "id": "933436621",
            "json": "{\n  \"Version\": \"2012-10-17\",\n  \"Id\": \"__default_policy_ID\",\n  \"Statement\": [\n    {\n      \"Sid\": \"__default_statement_ID\",\n      \"Effect\": \"Allow\",\n      \"Action\": [\n        \"SNS:Subscribe\",\n        \"SNS:SetTopicAttributes\",\n        \"SNS:RemovePermission\",\n        \"SNS:Receive\",\n        \"SNS:Publish\",\n        \"SNS:ListSubscriptionsByTopic\",\n        \"SNS:GetTopicAttributes\",\n        \"SNS:DeleteTopic\",\n        \"SNS:AddPermission\"\n      ],\n      \"Resource\": \"arn:aws:sns:eu-west-1:404315009621:transfer-shoots-alarm-staging\",\n      \"Principal\": {\n        \"AWS\": \"*\"\n      },\n      \"Condition\": {\n        \"StringEquals\": {\n          \"AWS:SourceOwner\": \"404315009621\"\n        }\n      }\n    },\n    {\n      \"Sid\": \"ReportingAccess\",\n      \"Effect\": \"Allow\",\n      \"Action\": [\n        \"SNS:Subscribe\",\n        \"SNS:SetTopicAttributes\",\n        \"SNS:Receive\",\n        \"SNS:ListSubscriptionsByTopic\",\n        \"SNS:GetTopicAttributes\"\n      ],\n      \"Resource\": \"arn:aws:sns:eu-west-1:404315009621:transfer-shoots-alarm-staging\",\n      \"Principal\": {\n        \"AWS\": []\n      }\n    }\n  ]\n}",
            "minified_json": "{\"Version\":\"2012-10-17\",\"Id\":\"__default_policy_ID\",\"Statement\":[{\"Sid\":\"__default_statement_ID\",\"Effect\":\"Allow\",\"Action\":[\"SNS:Subscribe\",\"SNS:SetTopicAttributes\",\"SNS:RemovePermission\",\"SNS:Receive\",\"SNS:Publish\",\"SNS:ListSubscriptionsByTopic\",\"SNS:GetTopicAttributes\",\"SNS:DeleteTopic\",\"SNS:AddPermission\"],\"Resource\":\"arn:aws:sns:eu-west-1:404315009621:transfer-shoots-alarm-staging\",\"Principal\":{\"AWS\":\"*\"},\"Condition\":{\"StringEquals\":{\"AWS:SourceOwner\":\"404315009621\"}}},{\"Sid\":\"ReportingAccess\",\"Effect\":\"Allow\",\"Action\":[\"SNS:Subscribe\",\"SNS:SetTopicAttributes\",\"SNS:Receive\",\"SNS:ListSubscriptionsByTopic\",\"SNS:GetTopicAttributes\"],\"Resource\":\"arn:aws:sns:eu-west-1:404315009621:transfer-shoots-alarm-staging\",\"Principal\":{\"AWS\":[]}}]}",
            "override_json": null,
            "override_policy_documents": null,
            "policy_id": "__default_policy_ID",
            "source_json": null,
            "source_policy_documents": null,
            "statement": [
              {
                "actions": [
                  "SNS:AddPermission",
                  "SNS:DeleteTopic",
                  "SNS:GetTopicAttributes",
                  "SNS:ListSubscriptionsByTopic",
                  "SNS:Publish",
                  "SNS:Receive",
                  "SNS:RemovePermission",
                  "SNS:SetTopicAttributes",
                  "SNS:Subscribe"
                ],
                "condition": [
                  {
                    "test": "StringEquals",
                    "values": [
                      "404315009621"
                    ],
                    "variable": "AWS:SourceOwner"
                  }
                ],
                "effect": "Allow",
                "not_actions": [],
                "not_principals": [],
                "not_resources": [],
                "principals": [
                  {
                    "identifiers": [
                      "*"
                    ],
                    "type": "AWS"
                  }
                ],
                "resources": [
                  "arn:aws:sns:eu-west-1:404315009621:transfer-shoots-alarm-staging"
                ],
                "sid": "__default_statement_ID"
              },
              {
                "actions": [
                  "SNS:GetTopicAttributes",
                  "SNS:ListSubscriptionsByTopic",
                  "SNS:Receive",
                  "SNS:SetTopicAttributes",
                  "SNS:Subscribe"
                ],
                "condition": [],
                "effect": "Allow",
                "not_actions": [],
                "not_principals": [],
                "not_resources": [],
                "principals": [
                  {
                    "identifiers": [],
                    "type": "AWS"
                  }
                ],
                "resources": [
                  "arn:aws:sns:eu-west-1:404315009621:transfer-shoots-alarm-staging"
                ],
                "sid": "ReportingAccess"
              }
            ],
            "version": "2012-10-17"
          },
          "sensitive_attributes": []
        }
      ]
    },
    {
      "module": "module.staging_lambda.module.input_queue.module.dlq_alarm_topic",
      "mode": "data",
      "type": "aws_iam_policy_document",
      "name": "publish_to_topic",
      "provider": "provider[\"registry.terraform.io/hashicorp/aws\"]",
      "instances": [
        {
          "schema_version": 0,
          "attributes": {
            "id": "2847489774",
            "json": "{\n  \"Version\": \"2012-10-17\",\n  \"Statement\": [\n    {\n      \"Effect\": \"Allow\",\n      \"Action\": \"sns:Publish\",\n      \"Resource\": \"arn:aws:sns:eu-west-1:404315009621:transfer-shoots-alarm-staging\"\n    }\n  ]\n}",
            "minified_json": "{\"Version\":\"2012-10-17\",\"Statement\":[{\"Effect\":\"Allow\",\"Action\":\"sns:Publish\",\"Resource\":\"arn:aws:sns:eu-west-1:404315009621:transfer-shoots-alarm-staging\"}]}",
            "override_json": null,
            "override_policy_documents": null,
            "policy_id": null,
            "source_json": null,
            "source_policy_documents": null,
            "statement": [
              {
                "actions": [
                  "sns:Publish"
                ],
                "condition": [],
                "effect": "Allow",
                "not_actions": [],
                "not_principals": [],
                "not_resources": [],
                "principals": [],
                "resources": [
                  "arn:aws:sns:eu-west-1:404315009621:transfer-shoots-alarm-staging"
                ],
                "sid": ""
              }
            ],
            "version": "2012-10-17"
          },
          "sensitive_attributes": []
        }
      ]
    },
    {
      "module": "module.staging_lambda.module.input_queue.module.dlq_alarm_topic",
      "mode": "managed",
      "type": "aws_sns_topic",
      "name": "topic",
      "provider": "provider[\"registry.terraform.io/hashicorp/aws\"]",
      "instances": [
        {
          "schema_version": 0,
          "attributes": {
            "application_failure_feedback_role_arn": "",
            "application_success_feedback_role_arn": "",
            "application_success_feedback_sample_rate": 0,
            "archive_policy": "",
            "arn": "arn:aws:sns:eu-west-1:404315009621:transfer-shoots-alarm-staging",
            "beginning_archive_time": "",
            "content_based_deduplication": false,
            "delivery_policy": "",
            "display_name": "",
            "fifo_topic": false,
            "firehose_failure_feedback_role_arn": "",
            "firehose_success_feedback_role_arn": "",
            "firehose_success_feedback_sample_rate": 0,
            "http_failure_feedback_role_arn": "",
            "http_success_feedback_role_arn": "",
            "http_success_feedback_sample_rate": 0,
            "id": "arn:aws:sns:eu-west-1:404315009621:transfer-shoots-alarm-staging",
            "kms_master_key_id": "",
            "lambda_failure_feedback_role_arn": "",
            "lambda_success_feedback_role_arn": "",
            "lambda_success_feedback_sample_rate": 0,
            "name": "transfer-shoots-alarm-staging",
            "name_prefix": "",
            "owner": "404315009621",
            "policy": "{\"Id\":\"__default_policy_ID\",\"Statement\":[{\"Action\":[\"SNS:GetTopicAttributes\",\"SNS:SetTopicAttributes\",\"SNS:AddPermission\",\"SNS:RemovePermission\",\"SNS:DeleteTopic\",\"SNS:Subscribe\",\"SNS:ListSubscriptionsByTopic\",\"SNS:Publish\"],\"Condition\":{\"StringEquals\":{\"AWS:SourceOwner\":\"404315009621\"}},\"Effect\":\"Allow\",\"Principal\":{\"AWS\":\"*\"},\"Resource\":\"arn:aws:sns:eu-west-1:404315009621:transfer-shoots-alarm-staging\",\"Sid\":\"__default_statement_ID\"}],\"Version\":\"2008-10-17\"}",
            "signature_version": 0,
            "sqs_failure_feedback_role_arn": "",
            "sqs_success_feedback_role_arn": "",
            "sqs_success_feedback_sample_rate": 0,
            "tags": {},
            "tags_all": {},
            "tracing_config": ""
          },
          "sensitive_attributes": [],
          "private": "bnVsbA=="
        }
      ]
    },
    {
      "module": "module.staging_lambda.module.input_queue.module.input_queue",
      "mode": "data",
      "type": "aws_caller_identity",
      "name": "current",
      "provider": "provider[\"registry.terraform.io/hashicorp/aws\"]",
      "instances": [
        {
          "schema_version": 0,
          "attributes": {
            "account_id": "404315009621",
            "arn": "arn:aws:sts::404315009621:assumed-role/digitisation-developer/aws-go-sdk-1721134354589563000",
            "id": "404315009621",
            "user_id": "AROAV4IYNOJKTCHJELIGZ:aws-go-sdk-1721134354589563000"
          },
          "sensitive_attributes": []
        }
      ]
    },
    {
      "module": "module.staging_lambda.module.input_queue.module.input_queue",
      "mode": "data",
      "type": "aws_iam_policy_document",
      "name": "read_from_queue",
      "provider": "provider[\"registry.terraform.io/hashicorp/aws\"]",
      "instances": [
        {
          "schema_version": 0,
          "attributes": {
            "id": "1466361473",
            "json": "{\n  \"Version\": \"2012-10-17\",\n  \"Statement\": [\n    {\n      \"Effect\": \"Allow\",\n      \"Action\": [\n        \"sqs:ReceiveMessage\",\n        \"sqs:DeleteMessage\",\n        \"sqs:ChangeMessageVisibilityBatch\",\n        \"sqs:ChangeMessageVisibility\"\n      ],\n      \"Resource\": \"arn:aws:sqs:eu-west-1:404315009621:transfer-shoots-staging\"\n    }\n  ]\n}",
            "minified_json": "{\"Version\":\"2012-10-17\",\"Statement\":[{\"Effect\":\"Allow\",\"Action\":[\"sqs:ReceiveMessage\",\"sqs:DeleteMessage\",\"sqs:ChangeMessageVisibilityBatch\",\"sqs:ChangeMessageVisibility\"],\"Resource\":\"arn:aws:sqs:eu-west-1:404315009621:transfer-shoots-staging\"}]}",
            "override_json": null,
            "override_policy_documents": null,
            "policy_id": null,
            "source_json": null,
            "source_policy_documents": null,
            "statement": [
              {
                "actions": [
                  "sqs:ChangeMessageVisibility",
                  "sqs:ChangeMessageVisibilityBatch",
                  "sqs:DeleteMessage",
                  "sqs:ReceiveMessage"
                ],
                "condition": [],
                "effect": "Allow",
                "not_actions": [],
                "not_principals": [],
                "not_resources": [],
                "principals": [],
                "resources": [
                  "arn:aws:sqs:eu-west-1:404315009621:transfer-shoots-staging"
                ],
                "sid": ""
              }
            ],
            "version": "2012-10-17"
          },
          "sensitive_attributes": []
        }
      ]
    },
    {
      "module": "module.staging_lambda.module.input_queue.module.input_queue",
      "mode": "data",
      "type": "aws_iam_policy_document",
      "name": "write_to_queue",
      "provider": "provider[\"registry.terraform.io/hashicorp/aws\"]",
      "instances": [
        {
          "schema_version": 0,
          "attributes": {
            "id": "1273799732",
            "json": "{\n  \"Version\": \"2012-10-17\",\n  \"Statement\": [\n    {\n      \"Sid\": \"es-sns-to-sqs-policy\",\n      \"Effect\": \"Allow\",\n      \"Action\": \"sqs:SendMessage\",\n      \"Resource\": \"arn:aws:sqs:eu-west-1:404315009621:transfer-shoots-staging\",\n      \"Principal\": {\n        \"AWS\": \"*\"\n      },\n      \"Condition\": {\n        \"ArnEquals\": {\n          \"aws:SourceArn\": \"arn:aws:sns:eu-west-1:404315009621:transfer-shoots-staging\"\n        }\n      }\n    }\n  ]\n}",
            "minified_json": "{\"Version\":\"2012-10-17\",\"Statement\":[{\"Sid\":\"es-sns-to-sqs-policy\",\"Effect\":\"Allow\",\"Action\":\"sqs:SendMessage\",\"Resource\":\"arn:aws:sqs:eu-west-1:404315009621:transfer-shoots-staging\",\"Principal\":{\"AWS\":\"*\"},\"Condition\":{\"ArnEquals\":{\"aws:SourceArn\":\"arn:aws:sns:eu-west-1:404315009621:transfer-shoots-staging\"}}}]}",
            "override_json": null,
            "override_policy_documents": null,
            "policy_id": null,
            "source_json": null,
            "source_policy_documents": null,
            "statement": [
              {
                "actions": [
                  "sqs:SendMessage"
                ],
                "condition": [
                  {
                    "test": "ArnEquals",
                    "values": [
                      "arn:aws:sns:eu-west-1:404315009621:transfer-shoots-staging"
                    ],
                    "variable": "aws:SourceArn"
                  }
                ],
                "effect": "Allow",
                "not_actions": [],
                "not_principals": [],
                "not_resources": [],
                "principals": [
                  {
                    "identifiers": [
                      "*"
                    ],
                    "type": "AWS"
                  }
                ],
                "resources": [
                  "arn:aws:sqs:eu-west-1:404315009621:transfer-shoots-staging"
                ],
                "sid": "es-sns-to-sqs-policy"
              }
            ],
            "version": "2012-10-17"
          },
          "sensitive_attributes": []
        }
      ]
    },
    {
      "module": "module.staging_lambda.module.input_queue.module.input_queue",
      "mode": "data",
      "type": "aws_region",
      "name": "current",
      "provider": "provider[\"registry.terraform.io/hashicorp/aws\"]",
      "instances": [
        {
          "schema_version": 0,
          "attributes": {
            "description": "Europe (Ireland)",
            "endpoint": "ec2.eu-west-1.amazonaws.com",
            "id": "eu-west-1",
            "name": "eu-west-1"
          },
          "sensitive_attributes": []
        }
      ]
    },
    {
      "module": "module.staging_lambda.module.input_queue.module.input_queue",
      "mode": "managed",
      "type": "aws_cloudwatch_metric_alarm",
      "name": "dlq_not_empty",
      "provider": "provider[\"registry.terraform.io/hashicorp/aws\"]",
      "instances": [
        {
          "schema_version": 1,
          "attributes": {
            "actions_enabled": true,
            "alarm_actions": [
              "arn:aws:sns:eu-west-1:404315009621:transfer-shoots-alarm-staging"
            ],
            "alarm_description": "",
            "alarm_name": "transfer-shoots-staging_dlq_not_empty",
            "arn": "arn:aws:cloudwatch:eu-west-1:404315009621:alarm:transfer-shoots-staging_dlq_not_empty",
            "comparison_operator": "GreaterThanThreshold",
            "datapoints_to_alarm": 0,
            "dimensions": {
              "QueueName": "transfer-shoots-staging_dlq"
            },
            "evaluate_low_sample_count_percentiles": "",
            "evaluation_periods": 1,
            "extended_statistic": "",
            "id": "transfer-shoots-staging_dlq_not_empty",
            "insufficient_data_actions": [],
            "metric_name": "ApproximateNumberOfMessagesVisible",
            "metric_query": [],
            "namespace": "AWS/SQS",
            "ok_actions": [],
            "period": 60,
            "statistic": "Average",
            "tags": {},
            "tags_all": {},
            "threshold": 0,
            "threshold_metric_id": "",
            "treat_missing_data": "missing",
            "unit": ""
          },
          "sensitive_attributes": [],
          "private": "eyJzY2hlbWFfdmVyc2lvbiI6IjEifQ==",
          "dependencies": [
            "module.staging_lambda.module.input_queue.module.dlq_alarm_topic.aws_sns_topic.topic",
            "module.staging_lambda.module.input_queue.module.input_queue.aws_sqs_queue.dlq"
          ]
        }
      ]
    },
    {
      "module": "module.staging_lambda.module.input_queue.module.input_queue",
      "mode": "managed",
      "type": "aws_sns_topic_subscription",
      "name": "sns_topic",
      "provider": "provider[\"registry.terraform.io/hashicorp/aws\"]",
      "instances": [
        {
          "index_key": 0,
          "schema_version": 0,
          "attributes": {
            "arn": "arn:aws:sns:eu-west-1:404315009621:transfer-shoots-staging:67cf1855-0bee-491c-a9ef-d21c48490347",
            "confirmation_timeout_in_minutes": 1,
            "confirmation_was_authenticated": true,
            "delivery_policy": "",
            "endpoint": "arn:aws:sqs:eu-west-1:404315009621:transfer-shoots-staging",
            "endpoint_auto_confirms": false,
            "filter_policy": "",
            "filter_policy_scope": "",
            "id": "arn:aws:sns:eu-west-1:404315009621:transfer-shoots-staging:67cf1855-0bee-491c-a9ef-d21c48490347",
            "owner_id": "404315009621",
            "pending_confirmation": false,
            "protocol": "sqs",
            "raw_message_delivery": false,
            "redrive_policy": "",
            "replay_policy": "",
            "subscription_role_arn": "",
            "topic_arn": "arn:aws:sns:eu-west-1:404315009621:transfer-shoots-staging"
          },
          "sensitive_attributes": [],
          "private": "bnVsbA==",
          "dependencies": [
            "module.staging_lambda.module.input_queue.module.input_queue.aws_sqs_queue.dlq",
            "module.staging_lambda.module.input_queue.module.input_queue.aws_sqs_queue.q",
            "module.staging_lambda.module.input_queue.module.input_queue.data.aws_caller_identity.current",
            "module.staging_lambda.module.input_queue.module.input_queue.data.aws_iam_policy_document.write_to_queue",
            "module.staging_lambda.module.input_queue.module.input_queue.data.aws_region.current",
            "module.staging_lambda.module.input_queue.module.transfer_shoots_topic.aws_sns_topic.topic"
          ]
        }
      ]
    },
    {
      "module": "module.staging_lambda.module.input_queue.module.input_queue",
      "mode": "managed",
      "type": "aws_sqs_queue",
      "name": "dlq",
      "provider": "provider[\"registry.terraform.io/hashicorp/aws\"]",
      "instances": [
        {
          "schema_version": 0,
          "attributes": {
            "arn": "arn:aws:sqs:eu-west-1:404315009621:transfer-shoots-staging_dlq",
            "content_based_deduplication": false,
            "deduplication_scope": "",
            "delay_seconds": 0,
            "fifo_queue": false,
            "fifo_throughput_limit": "",
            "id": "https://sqs.eu-west-1.amazonaws.com/404315009621/transfer-shoots-staging_dlq",
            "kms_data_key_reuse_period_seconds": 300,
            "kms_master_key_id": "",
            "max_message_size": 262144,
            "message_retention_seconds": 345600,
            "name": "transfer-shoots-staging_dlq",
            "name_prefix": "",
            "policy": "",
            "receive_wait_time_seconds": 0,
            "redrive_allow_policy": "",
            "redrive_policy": "",
            "sqs_managed_sse_enabled": true,
            "tags": {},
            "tags_all": {},
            "url": "https://sqs.eu-west-1.amazonaws.com/404315009621/transfer-shoots-staging_dlq",
            "visibility_timeout_seconds": 30
          },
          "sensitive_attributes": [],
          "private": "bnVsbA=="
        }
      ]
    },
    {
      "module": "module.staging_lambda.module.input_queue.module.input_queue",
      "mode": "managed",
      "type": "aws_sqs_queue",
      "name": "q",
      "provider": "provider[\"registry.terraform.io/hashicorp/aws\"]",
      "instances": [
        {
          "schema_version": 0,
          "attributes": {
            "arn": "arn:aws:sqs:eu-west-1:404315009621:transfer-shoots-staging",
            "content_based_deduplication": false,
            "deduplication_scope": "",
            "delay_seconds": 0,
            "fifo_queue": false,
            "fifo_throughput_limit": "",
            "id": "https://sqs.eu-west-1.amazonaws.com/404315009621/transfer-shoots-staging",
            "kms_data_key_reuse_period_seconds": 300,
            "kms_master_key_id": "",
            "max_message_size": 262144,
            "message_retention_seconds": 1200,
            "name": "transfer-shoots-staging",
            "name_prefix": "",
            "policy": "{\"Statement\":[{\"Action\":\"sqs:SendMessage\",\"Condition\":{\"ArnEquals\":{\"aws:SourceArn\":\"arn:aws:sns:eu-west-1:404315009621:transfer-shoots-staging\"}},\"Effect\":\"Allow\",\"Principal\":{\"AWS\":\"*\"},\"Resource\":\"arn:aws:sqs:eu-west-1:404315009621:transfer-shoots-staging\",\"Sid\":\"es-sns-to-sqs-policy\"}],\"Version\":\"2012-10-17\"}",
            "receive_wait_time_seconds": 0,
            "redrive_allow_policy": "",
            "redrive_policy": "{\"deadLetterTargetArn\":\"arn:aws:sqs:eu-west-1:404315009621:transfer-shoots-staging_dlq\",\"maxReceiveCount\":1}",
            "sqs_managed_sse_enabled": true,
            "tags": {},
            "tags_all": {},
            "url": "https://sqs.eu-west-1.amazonaws.com/404315009621/transfer-shoots-staging",
            "visibility_timeout_seconds": 160
          },
          "sensitive_attributes": [],
          "private": "bnVsbA==",
          "dependencies": [
            "module.staging_lambda.module.input_queue.module.input_queue.aws_sqs_queue.dlq",
            "module.staging_lambda.module.input_queue.module.input_queue.data.aws_caller_identity.current",
            "module.staging_lambda.module.input_queue.module.input_queue.data.aws_iam_policy_document.write_to_queue",
            "module.staging_lambda.module.input_queue.module.input_queue.data.aws_region.current",
            "module.staging_lambda.module.input_queue.module.transfer_shoots_topic.aws_sns_topic.topic"
          ]
        }
      ]
    },
    {
      "module": "module.staging_lambda.module.input_queue.module.transfer_shoots_topic",
      "mode": "data",
      "type": "aws_caller_identity",
      "name": "current",
      "provider": "provider[\"registry.terraform.io/hashicorp/aws\"]",
      "instances": [
        {
          "schema_version": 0,
          "attributes": {
            "account_id": "404315009621",
            "arn": "arn:aws:sts::404315009621:assumed-role/digitisation-developer/aws-go-sdk-1721134354589563000",
            "id": "404315009621",
            "user_id": "AROAV4IYNOJKTCHJELIGZ:aws-go-sdk-1721134354589563000"
          },
          "sensitive_attributes": []
        }
      ]
    },
    {
      "module": "module.staging_lambda.module.input_queue.module.transfer_shoots_topic",
      "mode": "data",
      "type": "aws_iam_policy_document",
      "name": "cross_account_sns_topic_policy",
      "provider": "provider[\"registry.terraform.io/hashicorp/aws\"]",
      "instances": [
        {
          "schema_version": 0,
          "attributes": {
            "id": "4080321813",
            "json": "{\n  \"Version\": \"2012-10-17\",\n  \"Id\": \"__default_policy_ID\",\n  \"Statement\": [\n    {\n      \"Sid\": \"__default_statement_ID\",\n      \"Effect\": \"Allow\",\n      \"Action\": [\n        \"SNS:Subscribe\",\n        \"SNS:SetTopicAttributes\",\n        \"SNS:RemovePermission\",\n        \"SNS:Receive\",\n        \"SNS:Publish\",\n        \"SNS:ListSubscriptionsByTopic\",\n        \"SNS:GetTopicAttributes\",\n        \"SNS:DeleteTopic\",\n        \"SNS:AddPermission\"\n      ],\n      \"Resource\": \"arn:aws:sns:eu-west-1:404315009621:transfer-shoots-staging\",\n      \"Principal\": {\n        \"AWS\": \"*\"\n      },\n      \"Condition\": {\n        \"StringEquals\": {\n          \"AWS:SourceOwner\": \"404315009621\"\n        }\n      }\n    },\n    {\n      \"Sid\": \"ReportingAccess\",\n      \"Effect\": \"Allow\",\n      \"Action\": [\n        \"SNS:Subscribe\",\n        \"SNS:SetTopicAttributes\",\n        \"SNS:Receive\",\n        \"SNS:ListSubscriptionsByTopic\",\n        \"SNS:GetTopicAttributes\"\n      ],\n      \"Resource\": \"arn:aws:sns:eu-west-1:404315009621:transfer-shoots-staging\",\n      \"Principal\": {\n        \"AWS\": []\n      }\n    }\n  ]\n}",
            "minified_json": "{\"Version\":\"2012-10-17\",\"Id\":\"__default_policy_ID\",\"Statement\":[{\"Sid\":\"__default_statement_ID\",\"Effect\":\"Allow\",\"Action\":[\"SNS:Subscribe\",\"SNS:SetTopicAttributes\",\"SNS:RemovePermission\",\"SNS:Receive\",\"SNS:Publish\",\"SNS:ListSubscriptionsByTopic\",\"SNS:GetTopicAttributes\",\"SNS:DeleteTopic\",\"SNS:AddPermission\"],\"Resource\":\"arn:aws:sns:eu-west-1:404315009621:transfer-shoots-staging\",\"Principal\":{\"AWS\":\"*\"},\"Condition\":{\"StringEquals\":{\"AWS:SourceOwner\":\"404315009621\"}}},{\"Sid\":\"ReportingAccess\",\"Effect\":\"Allow\",\"Action\":[\"SNS:Subscribe\",\"SNS:SetTopicAttributes\",\"SNS:Receive\",\"SNS:ListSubscriptionsByTopic\",\"SNS:GetTopicAttributes\"],\"Resource\":\"arn:aws:sns:eu-west-1:404315009621:transfer-shoots-staging\",\"Principal\":{\"AWS\":[]}}]}",
            "override_json": null,
            "override_policy_documents": null,
            "policy_id": "__default_policy_ID",
            "source_json": null,
            "source_policy_documents": null,
            "statement": [
              {
                "actions": [
                  "SNS:AddPermission",
                  "SNS:DeleteTopic",
                  "SNS:GetTopicAttributes",
                  "SNS:ListSubscriptionsByTopic",
                  "SNS:Publish",
                  "SNS:Receive",
                  "SNS:RemovePermission",
                  "SNS:SetTopicAttributes",
                  "SNS:Subscribe"
                ],
                "condition": [
                  {
                    "test": "StringEquals",
                    "values": [
                      "404315009621"
                    ],
                    "variable": "AWS:SourceOwner"
                  }
                ],
                "effect": "Allow",
                "not_actions": [],
                "not_principals": [],
                "not_resources": [],
                "principals": [
                  {
                    "identifiers": [
                      "*"
                    ],
                    "type": "AWS"
                  }
                ],
                "resources": [
                  "arn:aws:sns:eu-west-1:404315009621:transfer-shoots-staging"
                ],
                "sid": "__default_statement_ID"
              },
              {
                "actions": [
                  "SNS:GetTopicAttributes",
                  "SNS:ListSubscriptionsByTopic",
                  "SNS:Receive",
                  "SNS:SetTopicAttributes",
                  "SNS:Subscribe"
                ],
                "condition": [],
                "effect": "Allow",
                "not_actions": [],
                "not_principals": [],
                "not_resources": [],
                "principals": [
                  {
                    "identifiers": [],
                    "type": "AWS"
                  }
                ],
                "resources": [
                  "arn:aws:sns:eu-west-1:404315009621:transfer-shoots-staging"
                ],
                "sid": "ReportingAccess"
              }
            ],
            "version": "2012-10-17"
          },
          "sensitive_attributes": []
        }
      ]
    },
    {
      "module": "module.staging_lambda.module.input_queue.module.transfer_shoots_topic",
      "mode": "data",
      "type": "aws_iam_policy_document",
      "name": "publish_to_topic",
      "provider": "provider[\"registry.terraform.io/hashicorp/aws\"]",
      "instances": [
        {
          "schema_version": 0,
          "attributes": {
            "id": "967876800",
            "json": "{\n  \"Version\": \"2012-10-17\",\n  \"Statement\": [\n    {\n      \"Effect\": \"Allow\",\n      \"Action\": \"sns:Publish\",\n      \"Resource\": \"arn:aws:sns:eu-west-1:404315009621:transfer-shoots-staging\"\n    }\n  ]\n}",
            "minified_json": "{\"Version\":\"2012-10-17\",\"Statement\":[{\"Effect\":\"Allow\",\"Action\":\"sns:Publish\",\"Resource\":\"arn:aws:sns:eu-west-1:404315009621:transfer-shoots-staging\"}]}",
            "override_json": null,
            "override_policy_documents": null,
            "policy_id": null,
            "source_json": null,
            "source_policy_documents": null,
            "statement": [
              {
                "actions": [
                  "sns:Publish"
                ],
                "condition": [],
                "effect": "Allow",
                "not_actions": [],
                "not_principals": [],
                "not_resources": [],
                "principals": [],
                "resources": [
                  "arn:aws:sns:eu-west-1:404315009621:transfer-shoots-staging"
                ],
                "sid": ""
              }
            ],
            "version": "2012-10-17"
          },
          "sensitive_attributes": []
        }
      ]
    },
    {
      "module": "module.staging_lambda.module.input_queue.module.transfer_shoots_topic",
      "mode": "managed",
      "type": "aws_sns_topic",
      "name": "topic",
      "provider": "provider[\"registry.terraform.io/hashicorp/aws\"]",
      "instances": [
        {
          "schema_version": 0,
          "attributes": {
            "application_failure_feedback_role_arn": "",
            "application_success_feedback_role_arn": "",
            "application_success_feedback_sample_rate": 0,
            "archive_policy": "",
            "arn": "arn:aws:sns:eu-west-1:404315009621:transfer-shoots-staging",
            "beginning_archive_time": "",
            "content_based_deduplication": false,
            "delivery_policy": "",
            "display_name": "",
            "fifo_topic": false,
            "firehose_failure_feedback_role_arn": "",
            "firehose_success_feedback_role_arn": "",
            "firehose_success_feedback_sample_rate": 0,
            "http_failure_feedback_role_arn": "",
            "http_success_feedback_role_arn": "",
            "http_success_feedback_sample_rate": 0,
            "id": "arn:aws:sns:eu-west-1:404315009621:transfer-shoots-staging",
            "kms_master_key_id": "",
            "lambda_failure_feedback_role_arn": "",
            "lambda_success_feedback_role_arn": "",
            "lambda_success_feedback_sample_rate": 0,
            "name": "transfer-shoots-staging",
            "name_prefix": "",
            "owner": "404315009621",
            "policy": "{\"Id\":\"__default_policy_ID\",\"Statement\":[{\"Action\":[\"SNS:GetTopicAttributes\",\"SNS:SetTopicAttributes\",\"SNS:AddPermission\",\"SNS:RemovePermission\",\"SNS:DeleteTopic\",\"SNS:Subscribe\",\"SNS:ListSubscriptionsByTopic\",\"SNS:Publish\"],\"Condition\":{\"StringEquals\":{\"AWS:SourceOwner\":\"404315009621\"}},\"Effect\":\"Allow\",\"Principal\":{\"AWS\":\"*\"},\"Resource\":\"arn:aws:sns:eu-west-1:404315009621:transfer-shoots-staging\",\"Sid\":\"__default_statement_ID\"}],\"Version\":\"2008-10-17\"}",
            "signature_version": 0,
            "sqs_failure_feedback_role_arn": "",
            "sqs_success_feedback_role_arn": "",
            "sqs_success_feedback_sample_rate": 0,
            "tags": {},
            "tags_all": {},
            "tracing_config": ""
          },
          "sensitive_attributes": [],
          "private": "bnVsbA=="
        }
      ]
    },
    {
      "module": "module.staging_lambda.module.transfer_lambda",
      "mode": "managed",
      "type": "aws_iam_role_policy",
      "name": "read_from_editorial_photography",
      "provider": "provider[\"registry.terraform.io/hashicorp/aws\"]",
      "instances": [
        {
          "schema_version": 0,
          "attributes": {
            "id": "lambda-role-editorial-photography-transfer-staging:read_from_editorial_photography-staging",
            "name": "read_from_editorial_photography-staging",
            "name_prefix": "",
            "policy": "{\"Version\":\"2012-10-17\",\"Statement\":[{\"Action\":[\"s3:GetObject\",\"s3:ListBucket\"],\"Effect\":\"Allow\",\"Resource\":[\"arn:aws:s3:::wellcomecollection-editorial-photography\",\"arn:aws:s3:::wellcomecollection-editorial-photography/*\"]}]}",
            "role": "lambda-role-editorial-photography-transfer-staging"
          },
          "sensitive_attributes": [],
          "private": "bnVsbA==",
          "dependencies": [
            "module.staging_lambda.module.transfer_lambda.module.transfer_lambda.aws_iam_role.lambda",
            "module.staging_lambda.module.transfer_lambda.module.transfer_lambda.data.aws_iam_policy_document.lambda_assume_role"
          ]
        }
      ]
    },
    {
      "module": "module.staging_lambda.module.transfer_lambda",
      "mode": "managed",
      "type": "aws_iam_role_policy",
      "name": "write_to_archivematica_transfer_source",
      "provider": "provider[\"registry.terraform.io/hashicorp/aws\"]",
      "instances": [
        {
          "schema_version": 0,
          "attributes": {
            "id": "lambda-role-editorial-photography-transfer-staging:write_to_archivematica_transfer_source-staging",
            "name": "write_to_archivematica_transfer_source-staging",
            "name_prefix": "",
            "policy": "{\"Version\":\"2012-10-17\",\"Statement\":[{\"Action\":\"s3:PutObject\",\"Effect\":\"Allow\",\"Resource\":\"arn:aws:s3:::wellcomecollection-archivematica-staging-transfer-source/*\"}]}",
            "role": "lambda-role-editorial-photography-transfer-staging"
          },
          "sensitive_attributes": [],
          "private": "bnVsbA==",
          "dependencies": [
            "module.staging_lambda.module.transfer_lambda.module.transfer_lambda.aws_iam_role.lambda",
            "module.staging_lambda.module.transfer_lambda.module.transfer_lambda.data.aws_iam_policy_document.lambda_assume_role"
          ]
        }
      ]
    },
    {
      "module": "module.staging_lambda.module.transfer_lambda.module.transfer_lambda",
      "mode": "data",
      "type": "aws_caller_identity",
      "name": "account",
      "provider": "provider[\"registry.terraform.io/hashicorp/aws\"]",
      "instances": [
        {
          "schema_version": 0,
          "attributes": {
            "account_id": "404315009621",
            "arn": "arn:aws:sts::404315009621:assumed-role/digitisation-developer/aws-go-sdk-1721134354589563000",
            "id": "404315009621",
            "user_id": "AROAV4IYNOJKTCHJELIGZ:aws-go-sdk-1721134354589563000"
          },
          "sensitive_attributes": []
        }
      ]
    },
    {
      "module": "module.staging_lambda.module.transfer_lambda.module.transfer_lambda",
      "mode": "data",
      "type": "aws_iam_policy_document",
      "name": "lambda_assume_role",
      "provider": "provider[\"registry.terraform.io/hashicorp/aws\"]",
      "instances": [
        {
          "schema_version": 0,
          "attributes": {
            "id": "2690255455",
            "json": "{\n  \"Version\": \"2012-10-17\",\n  \"Statement\": [\n    {\n      \"Effect\": \"Allow\",\n      \"Action\": \"sts:AssumeRole\",\n      \"Principal\": {\n        \"Service\": \"lambda.amazonaws.com\"\n      }\n    }\n  ]\n}",
            "minified_json": "{\"Version\":\"2012-10-17\",\"Statement\":[{\"Effect\":\"Allow\",\"Action\":\"sts:AssumeRole\",\"Principal\":{\"Service\":\"lambda.amazonaws.com\"}}]}",
            "override_json": null,
            "override_policy_documents": null,
            "policy_id": null,
            "source_json": null,
            "source_policy_documents": null,
            "statement": [
              {
                "actions": [
                  "sts:AssumeRole"
                ],
                "condition": [],
                "effect": "Allow",
                "not_actions": [],
                "not_principals": [],
                "not_resources": [],
                "principals": [
                  {
                    "identifiers": [
                      "lambda.amazonaws.com"
                    ],
                    "type": "Service"
                  }
                ],
                "resources": [],
                "sid": ""
              }
            ],
            "version": "2012-10-17"
          },
          "sensitive_attributes": []
        }
      ]
    },
    {
      "module": "module.staging_lambda.module.transfer_lambda.module.transfer_lambda",
      "mode": "data",
      "type": "aws_iam_policy_document",
      "name": "lambda_logging",
      "provider": "provider[\"registry.terraform.io/hashicorp/aws\"]",
      "instances": [
        {
          "schema_version": 0,
          "attributes": {
            "id": "869309412",
            "json": "{\n  \"Version\": \"2012-10-17\",\n  \"Statement\": [\n    {\n      \"Effect\": \"Allow\",\n      \"Action\": \"logs:CreateLogGroup\",\n      \"Resource\": \"arn:aws:logs:region:404315009621:*\"\n    },\n    {\n      \"Effect\": \"Allow\",\n      \"Action\": [\n        \"logs:PutLogEvents\",\n        \"logs:CreateLogStream\"\n      ],\n      \"Resource\": \"arn:aws:logs:eu-west-1:404315009621:log-group:/aws/lambda/editorial-photography-transfer-staging:*\"\n    }\n  ]\n}",
            "minified_json": "{\"Version\":\"2012-10-17\",\"Statement\":[{\"Effect\":\"Allow\",\"Action\":\"logs:CreateLogGroup\",\"Resource\":\"arn:aws:logs:region:404315009621:*\"},{\"Effect\":\"Allow\",\"Action\":[\"logs:PutLogEvents\",\"logs:CreateLogStream\"],\"Resource\":\"arn:aws:logs:eu-west-1:404315009621:log-group:/aws/lambda/editorial-photography-transfer-staging:*\"}]}",
            "override_json": null,
            "override_policy_documents": null,
            "policy_id": null,
            "source_json": null,
            "source_policy_documents": null,
            "statement": [
              {
                "actions": [
                  "logs:CreateLogGroup"
                ],
                "condition": [],
                "effect": "Allow",
                "not_actions": [],
                "not_principals": [],
                "not_resources": [],
                "principals": [],
                "resources": [
                  "arn:aws:logs:region:404315009621:*"
                ],
                "sid": ""
              },
              {
                "actions": [
                  "logs:CreateLogStream",
                  "logs:PutLogEvents"
                ],
                "condition": [],
                "effect": "Allow",
                "not_actions": [],
                "not_principals": [],
                "not_resources": [],
                "principals": [],
                "resources": [
                  "arn:aws:logs:eu-west-1:404315009621:log-group:/aws/lambda/editorial-photography-transfer-staging:*"
                ],
                "sid": ""
              }
            ],
            "version": "2012-10-17"
          },
          "sensitive_attributes": []
        }
      ]
    },
    {
      "module": "module.staging_lambda.module.transfer_lambda.module.transfer_lambda",
      "mode": "data",
      "type": "aws_iam_policy_document",
      "name": "network_interface",
      "provider": "provider[\"registry.terraform.io/hashicorp/aws\"]",
      "instances": [
        {
          "schema_version": 0,
          "attributes": {
            "id": "2032075453",
            "json": "{\n  \"Version\": \"2012-10-17\",\n  \"Statement\": [\n    {\n      \"Effect\": \"Allow\",\n      \"Action\": [\n        \"ec2:DescribeNetworkInterfaces\",\n        \"ec2:DeleteNetworkInterface\",\n        \"ec2:CreateNetworkInterface\"\n      ],\n      \"Resource\": \"*\"\n    }\n  ]\n}",
            "minified_json": "{\"Version\":\"2012-10-17\",\"Statement\":[{\"Effect\":\"Allow\",\"Action\":[\"ec2:DescribeNetworkInterfaces\",\"ec2:DeleteNetworkInterface\",\"ec2:CreateNetworkInterface\"],\"Resource\":\"*\"}]}",
            "override_json": null,
            "override_policy_documents": null,
            "policy_id": null,
            "source_json": null,
            "source_policy_documents": null,
            "statement": [
              {
                "actions": [
                  "ec2:CreateNetworkInterface",
                  "ec2:DeleteNetworkInterface",
                  "ec2:DescribeNetworkInterfaces"
                ],
                "condition": [],
                "effect": "Allow",
                "not_actions": [],
                "not_principals": [],
                "not_resources": [],
                "principals": [],
                "resources": [
                  "*"
                ],
                "sid": ""
              }
            ],
            "version": "2012-10-17"
          },
          "sensitive_attributes": []
        }
      ]
    },
    {
      "module": "module.staging_lambda.module.transfer_lambda.module.transfer_lambda",
      "mode": "data",
      "type": "aws_ssm_parameter",
      "name": "log_destination",
      "provider": "provider[\"registry.terraform.io/hashicorp/aws\"]",
      "instances": [
        {
          "schema_version": 0,
          "attributes": {
            "arn": "arn:aws:ssm:eu-west-1:404315009621:parameter/logging/forwarder/destination_arn",
            "id": "/logging/forwarder/destination_arn",
            "insecure_value": "arn:aws:logs:eu-west-1:760097843905:destination:elasticsearch-forwarder-logs",
            "name": "/logging/forwarder/destination_arn",
            "type": "String",
            "value": "arn:aws:logs:eu-west-1:760097843905:destination:elasticsearch-forwarder-logs",
            "version": 1,
            "with_decryption": true
          },
          "sensitive_attributes": [
            [
              {
                "type": "get_attr",
                "value": "value"
              }
            ]
          ]
        }
      ]
    },
    {
      "module": "module.staging_lambda.module.transfer_lambda.module.transfer_lambda",
      "mode": "managed",
      "type": "aws_cloudwatch_log_group",
      "name": "lambda",
      "provider": "provider[\"registry.terraform.io/hashicorp/aws\"]",
      "instances": [
        {
          "schema_version": 0,
          "attributes": {
            "arn": "arn:aws:logs:eu-west-1:404315009621:log-group:/aws/lambda/editorial-photography-transfer-staging",
            "id": "/aws/lambda/editorial-photography-transfer-staging",
            "kms_key_id": "",
            "log_group_class": "STANDARD",
            "name": "/aws/lambda/editorial-photography-transfer-staging",
            "name_prefix": "",
            "retention_in_days": 1,
            "skip_destroy": false,
            "tags": {},
            "tags_all": {}
          },
          "sensitive_attributes": [],
          "private": "bnVsbA=="
        }
      ]
    },
    {
      "module": "module.staging_lambda.module.transfer_lambda.module.transfer_lambda",
      "mode": "managed",
      "type": "aws_cloudwatch_log_subscription_filter",
      "name": "kinesis",
      "provider": "provider[\"registry.terraform.io/hashicorp/aws\"]",
      "instances": [
        {
          "index_key": "lambda-logs-to-kinesis",
          "schema_version": 0,
          "attributes": {
            "destination_arn": "arn:aws:logs:eu-west-1:760097843905:destination:elasticsearch-forwarder-logs",
            "distribution": "ByLogStream",
            "filter_pattern": "",
            "id": "cwlsf-2562960117",
            "log_group_name": "/aws/lambda/editorial-photography-transfer-staging",
            "name": "lambda-logs-to-kinesis",
            "role_arn": ""
          },
          "sensitive_attributes": [
            [
              {
                "type": "get_attr",
                "value": "destination_arn"
              }
            ]
          ],
          "private": "bnVsbA==",
          "dependencies": [
            "module.staging_lambda.module.transfer_lambda.module.transfer_lambda.aws_cloudwatch_log_group.lambda",
            "module.staging_lambda.module.transfer_lambda.module.transfer_lambda.data.aws_ssm_parameter.log_destination"
          ]
        }
      ]
    },
    {
      "module": "module.staging_lambda.module.transfer_lambda.module.transfer_lambda",
      "mode": "managed",
      "type": "aws_iam_policy",
      "name": "lambda_logging",
      "provider": "provider[\"registry.terraform.io/hashicorp/aws\"]",
      "instances": [
        {
          "schema_version": 0,
          "attributes": {
            "arn": "arn:aws:iam::404315009621:policy/lambda-logging-editorial-photography-transfer-staging",
            "attachment_count": 1,
            "description": "Allow the editorial-photography-transfer-staging Lambda to send logs to CloudWatch",
            "id": "arn:aws:iam::404315009621:policy/lambda-logging-editorial-photography-transfer-staging",
            "name": "lambda-logging-editorial-photography-transfer-staging",
            "name_prefix": "",
            "path": "/",
            "policy": "{\"Statement\":[{\"Action\":\"logs:CreateLogGroup\",\"Effect\":\"Allow\",\"Resource\":\"arn:aws:logs:region:404315009621:*\"},{\"Action\":[\"logs:PutLogEvents\",\"logs:CreateLogStream\"],\"Effect\":\"Allow\",\"Resource\":\"arn:aws:logs:eu-west-1:404315009621:log-group:/aws/lambda/editorial-photography-transfer-staging:*\"}],\"Version\":\"2012-10-17\"}",
            "policy_id": "ANPAV4IYNOJKZU7ELG7UJ",
            "tags": {},
            "tags_all": {}
          },
          "sensitive_attributes": [],
          "private": "bnVsbA==",
          "dependencies": [
            "module.staging_lambda.module.transfer_lambda.module.transfer_lambda.aws_cloudwatch_log_group.lambda",
            "module.staging_lambda.module.transfer_lambda.module.transfer_lambda.data.aws_caller_identity.account",
            "module.staging_lambda.module.transfer_lambda.module.transfer_lambda.data.aws_iam_policy_document.lambda_logging"
          ]
        }
      ]
    },
    {
      "module": "module.staging_lambda.module.transfer_lambda.module.transfer_lambda",
      "mode": "managed",
      "type": "aws_iam_role",
      "name": "lambda",
      "provider": "provider[\"registry.terraform.io/hashicorp/aws\"]",
      "instances": [
        {
          "schema_version": 0,
          "attributes": {
            "arn": "arn:aws:iam::404315009621:role/lambda-role-editorial-photography-transfer-staging",
            "assume_role_policy": "{\"Statement\":[{\"Action\":\"sts:AssumeRole\",\"Effect\":\"Allow\",\"Principal\":{\"Service\":\"lambda.amazonaws.com\"}}],\"Version\":\"2012-10-17\"}",
            "create_date": "2024-07-15T14:14:40Z",
            "description": "",
            "force_detach_policies": false,
            "id": "lambda-role-editorial-photography-transfer-staging",
            "inline_policy": [
              {
                "name": "editorial-photography-staging-pull-from-queue",
                "policy": "{\"Version\":\"2012-10-17\",\"Statement\":[{\"Action\":[\"sqs:ReceiveMessage\",\"sqs:GetQueueAttributes\",\"sqs:DeleteMessage\"],\"Effect\":\"Allow\",\"Resource\":\"arn:aws:sqs:eu-west-1:404315009621:transfer-shoots-staging\"}]}"
              },
              {
                "name": "terraform-20240715141440702200000002",
                "policy": "{\"Version\":\"2012-10-17\",\"Statement\":[{\"Action\":[\"s3:GetObject\",\"s3:ListBucket\"],\"Effect\":\"Allow\",\"Resource\":\"arn:aws:s3:::wellcomecollection-editorial-photography\"}]}"
              },
              {
                "name": "write_to_archivematica_transfer_source-staging",
                "policy": "{\"Version\":\"2012-10-17\",\"Statement\":[{\"Action\":\"s3:PutObject\",\"Effect\":\"Allow\",\"Resource\":\"arn:aws:s3:::wellcomecollection-archivematica-staging-transfer-source/*\"}]}"
              }
            ],
            "managed_policy_arns": [
              "arn:aws:iam::404315009621:policy/lambda-logging-editorial-photography-transfer-staging"
            ],
            "max_session_duration": 3600,
            "name": "lambda-role-editorial-photography-transfer-staging",
            "name_prefix": "",
            "path": "/",
            "permissions_boundary": "",
            "tags": {},
            "tags_all": {},
            "unique_id": "AROAV4IYNOJKXAWUXPBTM"
          },
          "sensitive_attributes": [],
          "private": "bnVsbA==",
          "dependencies": [
            "module.staging_lambda.module.transfer_lambda.module.transfer_lambda.data.aws_iam_policy_document.lambda_assume_role"
          ]
        }
      ]
    },
    {
      "module": "module.staging_lambda.module.transfer_lambda.module.transfer_lambda",
      "mode": "managed",
      "type": "aws_iam_role_policy_attachment",
      "name": "lambda_logging",
      "provider": "provider[\"registry.terraform.io/hashicorp/aws\"]",
      "instances": [
        {
          "schema_version": 0,
          "attributes": {
            "id": "lambda-role-editorial-photography-transfer-staging-20240715141441227900000004",
            "policy_arn": "arn:aws:iam::404315009621:policy/lambda-logging-editorial-photography-transfer-staging",
            "role": "lambda-role-editorial-photography-transfer-staging"
          },
          "sensitive_attributes": [],
          "private": "bnVsbA==",
          "dependencies": [
            "module.staging_lambda.module.transfer_lambda.module.transfer_lambda.aws_cloudwatch_log_group.lambda",
            "module.staging_lambda.module.transfer_lambda.module.transfer_lambda.aws_iam_policy.lambda_logging",
            "module.staging_lambda.module.transfer_lambda.module.transfer_lambda.aws_iam_role.lambda",
            "module.staging_lambda.module.transfer_lambda.module.transfer_lambda.data.aws_caller_identity.account",
            "module.staging_lambda.module.transfer_lambda.module.transfer_lambda.data.aws_iam_policy_document.lambda_assume_role",
            "module.staging_lambda.module.transfer_lambda.module.transfer_lambda.data.aws_iam_policy_document.lambda_logging"
          ]
        }
      ]
    },
    {
      "module": "module.staging_lambda.module.transfer_lambda.module.transfer_lambda",
      "mode": "managed",
      "type": "aws_lambda_function",
      "name": "main",
      "provider": "provider[\"registry.terraform.io/hashicorp/aws\"]",
      "instances": [
        {
          "schema_version": 0,
          "attributes": {
            "architectures": [
              "x86_64"
            ],
            "arn": "arn:aws:lambda:eu-west-1:404315009621:function:editorial-photography-transfer-staging",
            "code_sha256": "6+Zdzy6IxAzcFVue7NkJR09+ZcqmMSfKPH7F4WsrtMU=",
            "code_signing_config_arn": "",
            "dead_letter_config": [],
            "description": "",
            "environment": [
              {
                "variables": {
                  "ACCESSION_NUMBER": "2754",
                  "TARGET_BUCKET": "wellcomecollection-archivematica-staging-transfer-source"
                }
              }
            ],
            "ephemeral_storage": [
              {
                "size": 512
              }
            ],
            "file_system_config": [],
            "filename": "./lambda.zip",
            "function_name": "editorial-photography-transfer-staging",
            "handler": "lambda_function.lambda_handler",
            "id": "editorial-photography-transfer-staging",
            "image_config": [],
            "image_uri": "",
            "invoke_arn": "arn:aws:apigateway:eu-west-1:lambda:path/2015-03-31/functions/arn:aws:lambda:eu-west-1:404315009621:function:editorial-photography-transfer-staging/invocations",
            "kms_key_arn": "",
            "last_modified": "2024-07-16T12:25:59.000+0000",
            "layers": [],
            "logging_config": [
              {
                "application_log_level": "",
                "log_format": "Text",
                "log_group": "/aws/lambda/editorial-photography-transfer-staging",
                "system_log_level": ""
              }
            ],
            "memory_size": 512,
            "package_type": "Zip",
            "publish": false,
            "qualified_arn": "arn:aws:lambda:eu-west-1:404315009621:function:editorial-photography-transfer-staging:$LATEST",
            "qualified_invoke_arn": "arn:aws:apigateway:eu-west-1:lambda:path/2015-03-31/functions/arn:aws:lambda:eu-west-1:404315009621:function:editorial-photography-transfer-staging:$LATEST/invocations",
            "replace_security_groups_on_destroy": null,
            "replacement_security_group_ids": null,
            "reserved_concurrent_executions": -1,
            "role": "arn:aws:iam::404315009621:role/lambda-role-editorial-photography-transfer-staging",
            "runtime": "python3.12",
            "s3_bucket": null,
            "s3_key": null,
            "s3_object_version": null,
            "signing_job_arn": "",
            "signing_profile_version_arn": "",
            "skip_destroy": false,
            "snap_start": [],
            "source_code_hash": "6+Zdzy6IxAzcFVue7NkJR09+ZcqmMSfKPH7F4WsrtMU=",
            "source_code_size": 29824,
            "tags": {},
            "tags_all": {},
            "timeout": 120,
            "timeouts": null,
            "tracing_config": [
              {
                "mode": "PassThrough"
              }
            ],
            "version": "$LATEST",
            "vpc_config": []
          },
          "sensitive_attributes": [],
          "private": "eyJlMmJmYjczMC1lY2FhLTExZTYtOGY4OC0zNDM2M2JjN2M0YzAiOnsiY3JlYXRlIjo2MDAwMDAwMDAwMDAsImRlbGV0ZSI6NjAwMDAwMDAwMDAwLCJ1cGRhdGUiOjYwMDAwMDAwMDAwMH19",
          "dependencies": [
            "data.archive_file.lambda_zip",
            "module.staging_lambda.module.transfer_lambda.module.transfer_lambda.aws_iam_role.lambda",
            "module.staging_lambda.module.transfer_lambda.module.transfer_lambda.data.aws_iam_policy_document.lambda_assume_role"
          ]
        }
      ]
    },
    {
      "module": "module.staging_lambda.module.trigger",
      "mode": "data",
      "type": "aws_iam_policy_document",
      "name": "allow_sqs_pull",
      "provider": "provider[\"registry.terraform.io/hashicorp/aws\"]",
      "instances": [
        {
          "schema_version": 0,
          "attributes": {
            "id": "384510246",
            "json": "{\n  \"Version\": \"2012-10-17\",\n  \"Statement\": [\n    {\n      \"Effect\": \"Allow\",\n      \"Action\": [\n        \"sqs:ReceiveMessage\",\n        \"sqs:GetQueueAttributes\",\n        \"sqs:DeleteMessage\"\n      ],\n      \"Resource\": \"arn:aws:sqs:eu-west-1:404315009621:transfer-shoots-staging\"\n    }\n  ]\n}",
            "minified_json": "{\"Version\":\"2012-10-17\",\"Statement\":[{\"Effect\":\"Allow\",\"Action\":[\"sqs:ReceiveMessage\",\"sqs:GetQueueAttributes\",\"sqs:DeleteMessage\"],\"Resource\":\"arn:aws:sqs:eu-west-1:404315009621:transfer-shoots-staging\"}]}",
            "override_json": null,
            "override_policy_documents": null,
            "policy_id": null,
            "source_json": null,
            "source_policy_documents": null,
            "statement": [
              {
                "actions": [
                  "sqs:DeleteMessage",
                  "sqs:GetQueueAttributes",
                  "sqs:ReceiveMessage"
                ],
                "condition": [],
                "effect": "Allow",
                "not_actions": [],
                "not_principals": [],
                "not_resources": [],
                "principals": [],
                "resources": [
                  "arn:aws:sqs:eu-west-1:404315009621:transfer-shoots-staging"
                ],
                "sid": ""
              }
            ],
            "version": "2012-10-17"
          },
          "sensitive_attributes": []
        }
      ]
    },
    {
      "module": "module.staging_lambda.module.trigger",
      "mode": "managed",
      "type": "aws_iam_role_policy",
      "name": "allow_sqs_pull",
      "provider": "provider[\"registry.terraform.io/hashicorp/aws\"]",
      "instances": [
        {
          "schema_version": 0,
          "attributes": {
            "id": "lambda-role-editorial-photography-transfer-staging:editorial-photography-staging-pull-from-queue",
            "name": "editorial-photography-staging-pull-from-queue",
            "name_prefix": "",
            "policy": "{\"Version\":\"2012-10-17\",\"Statement\":[{\"Action\":[\"sqs:ReceiveMessage\",\"sqs:GetQueueAttributes\",\"sqs:DeleteMessage\"],\"Effect\":\"Allow\",\"Resource\":\"arn:aws:sqs:eu-west-1:404315009621:transfer-shoots-staging\"}]}",
            "role": "lambda-role-editorial-photography-transfer-staging"
          },
          "sensitive_attributes": [],
          "private": "bnVsbA==",
          "dependencies": [
            "module.staging_lambda.module.input_queue.module.input_queue.aws_sqs_queue.dlq",
            "module.staging_lambda.module.input_queue.module.input_queue.aws_sqs_queue.q",
            "module.staging_lambda.module.input_queue.module.input_queue.data.aws_caller_identity.current",
            "module.staging_lambda.module.input_queue.module.input_queue.data.aws_iam_policy_document.write_to_queue",
            "module.staging_lambda.module.input_queue.module.input_queue.data.aws_region.current",
            "module.staging_lambda.module.input_queue.module.transfer_shoots_topic.aws_sns_topic.topic",
            "module.staging_lambda.module.transfer_lambda.module.transfer_lambda.aws_iam_role.lambda",
            "module.staging_lambda.module.transfer_lambda.module.transfer_lambda.data.aws_iam_policy_document.lambda_assume_role",
            "module.staging_lambda.module.trigger.data.aws_iam_policy_document.allow_sqs_pull"
          ]
        }
      ]
    },
    {
      "module": "module.staging_lambda.module.trigger",
      "mode": "managed",
      "type": "aws_lambda_event_source_mapping",
      "name": "lambda_trigger",
      "provider": "provider[\"registry.terraform.io/hashicorp/aws\"]",
      "instances": [
        {
          "schema_version": 0,
          "attributes": {
            "amazon_managed_kafka_event_source_config": [],
            "batch_size": 1,
            "bisect_batch_on_function_error": false,
            "destination_config": [],
            "document_db_event_source_config": [],
            "enabled": true,
            "event_source_arn": "arn:aws:sqs:eu-west-1:404315009621:transfer-shoots-staging",
            "filter_criteria": [],
            "function_arn": "arn:aws:lambda:eu-west-1:404315009621:function:editorial-photography-transfer-staging",
            "function_name": "arn:aws:lambda:eu-west-1:404315009621:function:editorial-photography-transfer-staging",
            "function_response_types": [],
            "id": "b4640bd2-1aef-4a05-a51d-6f8cb071596a",
            "last_modified": "2024-07-15T14:26:13Z",
            "last_processing_result": "",
            "maximum_batching_window_in_seconds": 0,
            "maximum_record_age_in_seconds": 0,
            "maximum_retry_attempts": 0,
            "parallelization_factor": 0,
            "queues": [],
            "scaling_config": [],
            "self_managed_event_source": [],
            "self_managed_kafka_event_source_config": [],
            "source_access_configuration": [],
            "starting_position": "",
            "starting_position_timestamp": "",
            "state": "Enabled",
            "state_transition_reason": "USER_INITIATED",
            "topics": [],
            "tumbling_window_in_seconds": 0,
            "uuid": "b4640bd2-1aef-4a05-a51d-6f8cb071596a"
          },
          "sensitive_attributes": [],
          "private": "bnVsbA==",
          "dependencies": [
            "data.archive_file.lambda_zip",
            "module.staging_lambda.module.input_queue.module.input_queue.aws_sqs_queue.dlq",
            "module.staging_lambda.module.input_queue.module.input_queue.aws_sqs_queue.q",
            "module.staging_lambda.module.input_queue.module.input_queue.data.aws_caller_identity.current",
            "module.staging_lambda.module.input_queue.module.input_queue.data.aws_iam_policy_document.write_to_queue",
            "module.staging_lambda.module.input_queue.module.input_queue.data.aws_region.current",
            "module.staging_lambda.module.input_queue.module.transfer_shoots_topic.aws_sns_topic.topic",
            "module.staging_lambda.module.transfer_lambda.module.transfer_lambda.aws_iam_role.lambda",
            "module.staging_lambda.module.transfer_lambda.module.transfer_lambda.aws_lambda_function.main",
            "module.staging_lambda.module.transfer_lambda.module.transfer_lambda.data.aws_iam_policy_document.lambda_assume_role"
          ]
        }
      ]
    },
    {
      "module": "module.staging_lambda.module.trigger",
      "mode": "managed",
      "type": "aws_lambda_permission",
      "name": "allow_lambda_sqs_trigger",
      "provider": "provider[\"registry.terraform.io/hashicorp/aws\"]",
      "instances": [
        {
          "schema_version": 0,
          "attributes": {
            "action": "lambda:InvokeFunction",
            "event_source_token": null,
            "function_name": "editorial-photography-transfer-staging",
            "function_url_auth_type": null,
            "id": "terraform-20240715141530726900000005",
            "principal": "sqs.amazonaws.com",
            "principal_org_id": null,
            "qualifier": "",
            "source_account": null,
            "source_arn": "arn:aws:sqs:eu-west-1:404315009621:transfer-shoots-staging",
            "statement_id": "terraform-20240715141530726900000005",
            "statement_id_prefix": "terraform-"
          },
          "sensitive_attributes": [],
          "private": "bnVsbA==",
          "dependencies": [
            "data.archive_file.lambda_zip",
            "module.staging_lambda.module.input_queue.module.input_queue.aws_sqs_queue.dlq",
            "module.staging_lambda.module.input_queue.module.input_queue.aws_sqs_queue.q",
            "module.staging_lambda.module.input_queue.module.input_queue.data.aws_caller_identity.current",
            "module.staging_lambda.module.input_queue.module.input_queue.data.aws_iam_policy_document.write_to_queue",
            "module.staging_lambda.module.input_queue.module.input_queue.data.aws_region.current",
            "module.staging_lambda.module.input_queue.module.transfer_shoots_topic.aws_sns_topic.topic",
            "module.staging_lambda.module.transfer_lambda.module.transfer_lambda.aws_iam_role.lambda",
            "module.staging_lambda.module.transfer_lambda.module.transfer_lambda.aws_lambda_function.main",
            "module.staging_lambda.module.transfer_lambda.module.transfer_lambda.data.aws_iam_policy_document.lambda_assume_role"
          ]
        }
      ]
    }
  ],
  "check_results": [
    {
      "object_kind": "var",
      "config_addr": "module.production_lambda.module.transfer_lambda.var.environment",
      "status": "pass",
      "objects": [
        {
          "object_addr": "module.production_lambda.module.transfer_lambda.var.environment",
          "status": "pass"
        }
      ]
    },
    {
      "object_kind": "var",
      "config_addr": "module.staging_lambda.var.environment",
      "status": "pass",
      "objects": [
        {
          "object_addr": "module.staging_lambda.var.environment",
          "status": "pass"
        }
      ]
    },
    {
      "object_kind": "var",
      "config_addr": "module.staging_lambda.module.input_queue.var.environment",
      "status": "pass",
      "objects": [
        {
          "object_addr": "module.staging_lambda.module.input_queue.var.environment",
          "status": "pass"
        }
      ]
    },
    {
      "object_kind": "var",
      "config_addr": "module.staging_lambda.module.transfer_lambda.var.environment",
      "status": "pass",
      "objects": [
        {
          "object_addr": "module.staging_lambda.module.transfer_lambda.var.environment",
          "status": "pass"
        }
      ]
    },
    {
      "object_kind": "var",
      "config_addr": "module.production_lambda.var.environment",
      "status": "pass",
      "objects": [
        {
          "object_addr": "module.production_lambda.var.environment",
          "status": "pass"
        }
      ]
    },
    {
      "object_kind": "var",
      "config_addr": "module.production_lambda.module.input_queue.var.environment",
      "status": "pass",
      "objects": [
        {
          "object_addr": "module.production_lambda.module.input_queue.var.environment",
          "status": "pass"
        }
      ]
    }
  ]
}
